
Microsoft Visual Studio Solution File, Format Version 12.00
# Visual Studio 2012
Project("{FAE04EC0-301F-11D3-BF4B-00C04F79EFBC}") = "BounceMessages", "BounceMessages\BounceMessages.csproj", "{E33E2DAC-59CC-4437-BE1B-0F90C9CBCB84}"
EndProject
Project("{2150E333-8FDC-42A3-9474-1A3956D46DE8}") = "Tx", "Tx", "{257C3A7A-48ED-4D0D-9568-91C434477C0A}"
EndProject
Project("{FAE04EC0-301F-11D3-BF4B-00C04F79EFBC}") = "Tx.Core", "..\..\Source\Tx.Core\Tx.Core.csproj", "{C5CC33B0-1684-4DD4-83A5-5DA4A9A25A7F}"
EndProject
Project("{FAE04EC0-301F-11D3-BF4B-00C04F79EFBC}") = "Tx.Windows", "..\..\Source\Tx.Windows\Tx.Windows.csproj", "{C4043ABB-EC40-4194-B15B-C0D13C2CF5C8}"
EndProject
Project("{FAE04EC0-301F-11D3-BF4B-00C04F79EFBC}") = "CausalityNavigation", "CausalityNavigation\CausalityNavigation.csproj", "{7908F734-D34F-4EEA-9A61-B3EEC670FE8D}"
EndProject
Global
	GlobalSection(SolutionConfigurationPlatforms) = preSolution
		Debug40|Any CPU = Debug40|Any CPU
		Debug45|Any CPU = Debug45|Any CPU
		Release40|Any CPU = Release40|Any CPU
		Release45|Any CPU = Release45|Any CPU
	EndGlobalSection
	GlobalSection(ProjectConfigurationPlatforms) = postSolution
		{E33E2DAC-59CC-4437-BE1B-0F90C9CBCB84}.Debug40|Any CPU.ActiveCfg = Debug40|Any CPU
		{E33E2DAC-59CC-4437-BE1B-0F90C9CBCB84}.Debug40|Any CPU.Build.0 = Debug40|Any CPU
		{E33E2DAC-59CC-4437-BE1B-0F90C9CBCB84}.Debug45|Any CPU.ActiveCfg = Debug45|Any CPU
		{E33E2DAC-59CC-4437-BE1B-0F90C9CBCB84}.Debug45|Any CPU.Build.0 = Debug45|Any CPU
		{E33E2DAC-59CC-4437-BE1B-0F90C9CBCB84}.Release40|Any CPU.ActiveCfg = Release40|Any CPU
		{E33E2DAC-59CC-4437-BE1B-0F90C9CBCB84}.Release40|Any CPU.Build.0 = Release40|Any CPU
		{E33E2DAC-59CC-4437-BE1B-0F90C9CBCB84}.Release45|Any CPU.ActiveCfg = Release45|Any CPU
		{E33E2DAC-59CC-4437-BE1B-0F90C9CBCB84}.Release45|Any CPU.Build.0 = Release45|Any CPU
		{C5CC33B0-1684-4DD4-83A5-5DA4A9A25A7F}.Debug40|Any CPU.ActiveCfg = Debug40|Any CPU
		{C5CC33B0-1684-4DD4-83A5-5DA4A9A25A7F}.Debug40|Any CPU.Build.0 = Debug40|Any CPU
		{C5CC33B0-1684-4DD4-83A5-5DA4A9A25A7F}.Debug45|Any CPU.ActiveCfg = Debug45|Any CPU
		{C5CC33B0-1684-4DD4-83A5-5DA4A9A25A7F}.Debug45|Any CPU.Build.0 = Debug45|Any CPU
		{C5CC33B0-1684-4DD4-83A5-5DA4A9A25A7F}.Release40|Any CPU.ActiveCfg = Release40|Any CPU
		{C5CC33B0-1684-4DD4-83A5-5DA4A9A25A7F}.Release40|Any CPU.Build.0 = Release40|Any CPU
		{C5CC33B0-1684-4DD4-83A5-5DA4A9A25A7F}.Release45|Any CPU.ActiveCfg = Release45|Any CPU
		{C5CC33B0-1684-4DD4-83A5-5DA4A9A25A7F}.Release45|Any CPU.Build.0 = Release45|Any CPU
		{C4043ABB-EC40-4194-B15B-C0D13C2CF5C8}.Debug40|Any CPU.ActiveCfg = Debug40|Any CPU
		{C4043ABB-EC40-4194-B15B-C0D13C2CF5C8}.Debug40|Any CPU.Build.0 = Debug40|Any CPU
		{C4043ABB-EC40-4194-B15B-C0D13C2CF5C8}.Debug45|Any CPU.ActiveCfg = Debug45|Any CPU
		{C4043ABB-EC40-4194-B15B-C0D13C2CF5C8}.Debug45|Any CPU.Build.0 = Debug45|Any CPU
		{C4043ABB-EC40-4194-B15B-C0D13C2CF5C8}.Release40|Any CPU.ActiveCfg = Release40|Any CPU
		{C4043ABB-EC40-4194-B15B-C0D13C2CF5C8}.Release40|Any CPU.Build.0 = Release40|Any CPU
		{C4043ABB-EC40-4194-B15B-C0D13C2CF5C8}.Release45|Any CPU.ActiveCfg = Release45|Any CPU
		{C4043ABB-EC40-4194-B15B-C0D13C2CF5C8}.Release45|Any CPU.Build.0 = Release45|Any CPU
		{7908F734-D34F-4EEA-9A61-B3EEC670FE8D}.Debug40|Any CPU.ActiveCfg = Debug40|Any CPU
		{7908F734-D34F-4EEA-9A61-B3EEC670FE8D}.Debug40|Any CPU.Build.0 = Debug40|Any CPU
		{7908F734-D34F-4EEA-9A61-B3EEC670FE8D}.Debug45|Any CPU.ActiveCfg = Debug45|Any CPU
		{7908F734-D34F-4EEA-9A61-B3EEC670FE8D}.Debug45|Any CPU.Build.0 = Debug45|Any CPU
		{7908F734-D34F-4EEA-9A61-B3EEC670FE8D}.Release40|Any CPU.ActiveCfg = Release40|Any CPU
		{7908F734-D34F-4EEA-9A61-B3EEC670FE8D}.Release40|Any CPU.Build.0 = Release40|Any CPU
		{7908F734-D34F-4EEA-9A61-B3EEC670FE8D}.Release45|Any CPU.ActiveCfg = Release45|Any CPU
		{7908F734-D34F-4EEA-9A61-B3EEC670FE8D}.Release45|Any CPU.Build.0 = Release45|Any CPU
	EndGlobalSection
	GlobalSection(SolutionProperties) = preSolution
		HideSolutionNode = FALSE
	EndGlobalSection
	GlobalSection(NestedProjects) = preSolution
		{C5CC33B0-1684-4DD4-83A5-5DA4A9A25A7F} = {257C3A7A-48ED-4D0D-9568-91C434477C0A}
		{C4043ABB-EC40-4194-B15B-C0D13C2CF5C8} = {257C3A7A-48ED-4D0D-9568-91C434477C0A}
	EndGlobalSection
EndGlobal
