
Microsoft Visual Studio Solution File, Format Version 12.00
# Visual Studio 2013
VisualStudioVersion = 12.0.40629.0
MinimumVisualStudioVersion = 10.0.40219.1
Project("{FAE04EC0-301F-11D3-BF4B-00C04F79EFBC}") = "Tx.Core", "..\..\Source\Tx.Core\Tx.Core.csproj", "{C5CC33B0-1684-4DD4-83A5-5DA4A9A25A7F}"
EndProject
Project("{FAE04EC0-301F-11D3-BF4B-00C04F79EFBC}") = "Tx.Windows", "..\..\Source\Tx.Windows\Tx.Windows.csproj", "{C4043ABB-EC40-4194-B15B-C0D13C2CF5C8}"
EndProject
Project("{2150E333-8FDC-42A3-9474-1A3956D46DE8}") = "Tx", "Tx", "{A7752FEA-02EC-4437-984A-B2033EB4EE03}"
EndProject
Project("{FAE04EC0-301F-11D3-BF4B-00C04F79EFBC}") = "BondEtwSample", "API\BondEtwSample.csproj", "{9D30BB5D-227A-4EC0-8331-5ECC8A3407E8}"
EndProject
Project("{FAE04EC0-301F-11D3-BF4B-00C04F79EFBC}") = "Tx.Bond", "..\..\Source\Tx.Bond\Tx.Bond.csproj", "{6DCE4A40-4946-41B0-ABE5-CE1700B598E9}"
EndProject
Project("{FAE04EC0-301F-11D3-BF4B-00C04F79EFBC}") = "LinqPadDriver", "LinqPadDriver\LinqPadDriver.csproj", "{C08B80DD-5E1B-4F9E-986D-F1668F5E8DF4}"
	ProjectSection(ProjectDependencies) = postProject
		{C4043ABB-EC40-4194-B15B-C0D13C2CF5C8} = {C4043ABB-EC40-4194-B15B-C0D13C2CF5C8}
	EndProjectSection
EndProject
Project("{FAE04EC0-301F-11D3-BF4B-00C04F79EFBC}") = "LinqPadDriver.Tests", "LinqPadDriver.Tests\LinqPadDriver.Tests.csproj", "{3D7895B8-A87A-4E0C-8AA5-4075C89376EC}"
EndProject
Global
	GlobalSection(SolutionConfigurationPlatforms) = preSolution
		Debug|Any CPU = Debug|Any CPU
		Debug|Mixed Platforms = Debug|Mixed Platforms
		Debug|x86 = Debug|x86
		Debug40|Any CPU = Debug40|Any CPU
		Debug40|Mixed Platforms = Debug40|Mixed Platforms
		Debug40|x86 = Debug40|x86
		Debug45|Any CPU = Debug45|Any CPU
		Debug45|Mixed Platforms = Debug45|Mixed Platforms
		Debug45|x86 = Debug45|x86
		Release|Any CPU = Release|Any CPU
		Release|Mixed Platforms = Release|Mixed Platforms
		Release|x86 = Release|x86
		Release40|Any CPU = Release40|Any CPU
		Release40|Mixed Platforms = Release40|Mixed Platforms
		Release40|x86 = Release40|x86
		Release45|Any CPU = Release45|Any CPU
		Release45|Mixed Platforms = Release45|Mixed Platforms
		Release45|x86 = Release45|x86
	EndGlobalSection
	GlobalSection(ProjectConfigurationPlatforms) = postSolution
		{C5CC33B0-1684-4DD4-83A5-5DA4A9A25A7F}.Debug|Any CPU.ActiveCfg = Debug45|Any CPU
		{C5CC33B0-1684-4DD4-83A5-5DA4A9A25A7F}.Debug|Any CPU.Build.0 = Debug45|Any CPU
		{C5CC33B0-1684-4DD4-83A5-5DA4A9A25A7F}.Debug|Mixed Platforms.ActiveCfg = Debug45|Any CPU
		{C5CC33B0-1684-4DD4-83A5-5DA4A9A25A7F}.Debug|Mixed Platforms.Build.0 = Debug45|Any CPU
		{C5CC33B0-1684-4DD4-83A5-5DA4A9A25A7F}.Debug|x86.ActiveCfg = Debug45|Any CPU
		{C5CC33B0-1684-4DD4-83A5-5DA4A9A25A7F}.Debug40|Any CPU.ActiveCfg = Debug40|Any CPU
		{C5CC33B0-1684-4DD4-83A5-5DA4A9A25A7F}.Debug40|Any CPU.Build.0 = Debug40|Any CPU
		{C5CC33B0-1684-4DD4-83A5-5DA4A9A25A7F}.Debug40|Mixed Platforms.ActiveCfg = Debug40|Any CPU
		{C5CC33B0-1684-4DD4-83A5-5DA4A9A25A7F}.Debug40|Mixed Platforms.Build.0 = Debug40|Any CPU
		{C5CC33B0-1684-4DD4-83A5-5DA4A9A25A7F}.Debug40|x86.ActiveCfg = Debug40|Any CPU
		{C5CC33B0-1684-4DD4-83A5-5DA4A9A25A7F}.Debug45|Any CPU.ActiveCfg = Debug45|Any CPU
		{C5CC33B0-1684-4DD4-83A5-5DA4A9A25A7F}.Debug45|Any CPU.Build.0 = Debug45|Any CPU
		{C5CC33B0-1684-4DD4-83A5-5DA4A9A25A7F}.Debug45|Mixed Platforms.ActiveCfg = Debug45|Any CPU
		{C5CC33B0-1684-4DD4-83A5-5DA4A9A25A7F}.Debug45|Mixed Platforms.Build.0 = Debug45|Any CPU
		{C5CC33B0-1684-4DD4-83A5-5DA4A9A25A7F}.Debug45|x86.ActiveCfg = Debug45|Any CPU
		{C5CC33B0-1684-4DD4-83A5-5DA4A9A25A7F}.Release|Any CPU.ActiveCfg = Release45|Any CPU
		{C5CC33B0-1684-4DD4-83A5-5DA4A9A25A7F}.Release|Any CPU.Build.0 = Release45|Any CPU
		{C5CC33B0-1684-4DD4-83A5-5DA4A9A25A7F}.Release|Mixed Platforms.ActiveCfg = Release45|Any CPU
		{C5CC33B0-1684-4DD4-83A5-5DA4A9A25A7F}.Release|Mixed Platforms.Build.0 = Release45|Any CPU
		{C5CC33B0-1684-4DD4-83A5-5DA4A9A25A7F}.Release|x86.ActiveCfg = Release45|Any CPU
		{C5CC33B0-1684-4DD4-83A5-5DA4A9A25A7F}.Release40|Any CPU.ActiveCfg = Release40|Any CPU
		{C5CC33B0-1684-4DD4-83A5-5DA4A9A25A7F}.Release40|Any CPU.Build.0 = Release40|Any CPU
		{C5CC33B0-1684-4DD4-83A5-5DA4A9A25A7F}.Release40|Mixed Platforms.ActiveCfg = Release40|Any CPU
		{C5CC33B0-1684-4DD4-83A5-5DA4A9A25A7F}.Release40|Mixed Platforms.Build.0 = Release40|Any CPU
		{C5CC33B0-1684-4DD4-83A5-5DA4A9A25A7F}.Release40|x86.ActiveCfg = Release40|Any CPU
		{C5CC33B0-1684-4DD4-83A5-5DA4A9A25A7F}.Release45|Any CPU.ActiveCfg = Release45|Any CPU
		{C5CC33B0-1684-4DD4-83A5-5DA4A9A25A7F}.Release45|Any CPU.Build.0 = Release45|Any CPU
		{C5CC33B0-1684-4DD4-83A5-5DA4A9A25A7F}.Release45|Mixed Platforms.ActiveCfg = Release45|Any CPU
		{C5CC33B0-1684-4DD4-83A5-5DA4A9A25A7F}.Release45|Mixed Platforms.Build.0 = Release45|Any CPU
		{C5CC33B0-1684-4DD4-83A5-5DA4A9A25A7F}.Release45|x86.ActiveCfg = Release45|Any CPU
		{C4043ABB-EC40-4194-B15B-C0D13C2CF5C8}.Debug|Any CPU.ActiveCfg = Debug45|Any CPU
		{C4043ABB-EC40-4194-B15B-C0D13C2CF5C8}.Debug|Any CPU.Build.0 = Debug45|Any CPU
		{C4043ABB-EC40-4194-B15B-C0D13C2CF5C8}.Debug|Mixed Platforms.ActiveCfg = Debug45|Any CPU
		{C4043ABB-EC40-4194-B15B-C0D13C2CF5C8}.Debug|Mixed Platforms.Build.0 = Debug45|Any CPU
		{C4043ABB-EC40-4194-B15B-C0D13C2CF5C8}.Debug|x86.ActiveCfg = Debug45|Any CPU
		{C4043ABB-EC40-4194-B15B-C0D13C2CF5C8}.Debug40|Any CPU.ActiveCfg = Debug40|Any CPU
		{C4043ABB-EC40-4194-B15B-C0D13C2CF5C8}.Debug40|Any CPU.Build.0 = Debug40|Any CPU
		{C4043ABB-EC40-4194-B15B-C0D13C2CF5C8}.Debug40|Mixed Platforms.ActiveCfg = Debug40|Any CPU
		{C4043ABB-EC40-4194-B15B-C0D13C2CF5C8}.Debug40|Mixed Platforms.Build.0 = Debug40|Any CPU
		{C4043ABB-EC40-4194-B15B-C0D13C2CF5C8}.Debug40|x86.ActiveCfg = Debug40|Any CPU
		{C4043ABB-EC40-4194-B15B-C0D13C2CF5C8}.Debug45|Any CPU.ActiveCfg = Debug45|Any CPU
		{C4043ABB-EC40-4194-B15B-C0D13C2CF5C8}.Debug45|Any CPU.Build.0 = Debug45|Any CPU
		{C4043ABB-EC40-4194-B15B-C0D13C2CF5C8}.Debug45|Mixed Platforms.ActiveCfg = Debug45|Any CPU
		{C4043ABB-EC40-4194-B15B-C0D13C2CF5C8}.Debug45|Mixed Platforms.Build.0 = Debug45|Any CPU
		{C4043ABB-EC40-4194-B15B-C0D13C2CF5C8}.Debug45|x86.ActiveCfg = Debug45|Any CPU
		{C4043ABB-EC40-4194-B15B-C0D13C2CF5C8}.Release|Any CPU.ActiveCfg = Release45|Any CPU
		{C4043ABB-EC40-4194-B15B-C0D13C2CF5C8}.Release|Any CPU.Build.0 = Release45|Any CPU
		{C4043ABB-EC40-4194-B15B-C0D13C2CF5C8}.Release|Mixed Platforms.ActiveCfg = Release45|Any CPU
		{C4043ABB-EC40-4194-B15B-C0D13C2CF5C8}.Release|Mixed Platforms.Build.0 = Release45|Any CPU
		{C4043ABB-EC40-4194-B15B-C0D13C2CF5C8}.Release|x86.ActiveCfg = Release45|Any CPU
		{C4043ABB-EC40-4194-B15B-C0D13C2CF5C8}.Release40|Any CPU.ActiveCfg = Release40|Any CPU
		{C4043ABB-EC40-4194-B15B-C0D13C2CF5C8}.Release40|Any CPU.Build.0 = Release40|Any CPU
		{C4043ABB-EC40-4194-B15B-C0D13C2CF5C8}.Release40|Mixed Platforms.ActiveCfg = Release40|Any CPU
		{C4043ABB-EC40-4194-B15B-C0D13C2CF5C8}.Release40|Mixed Platforms.Build.0 = Release40|Any CPU
		{C4043ABB-EC40-4194-B15B-C0D13C2CF5C8}.Release40|x86.ActiveCfg = Release40|Any CPU
		{C4043ABB-EC40-4194-B15B-C0D13C2CF5C8}.Release45|Any CPU.ActiveCfg = Release45|Any CPU
		{C4043ABB-EC40-4194-B15B-C0D13C2CF5C8}.Release45|Any CPU.Build.0 = Release45|Any CPU
		{C4043ABB-EC40-4194-B15B-C0D13C2CF5C8}.Release45|Mixed Platforms.ActiveCfg = Release45|Any CPU
		{C4043ABB-EC40-4194-B15B-C0D13C2CF5C8}.Release45|Mixed Platforms.Build.0 = Release45|Any CPU
		{C4043ABB-EC40-4194-B15B-C0D13C2CF5C8}.Release45|x86.ActiveCfg = Release45|Any CPU
		{9D30BB5D-227A-4EC0-8331-5ECC8A3407E8}.Debug|Any CPU.ActiveCfg = Debug45|Any CPU
		{9D30BB5D-227A-4EC0-8331-5ECC8A3407E8}.Debug|Any CPU.Build.0 = Debug45|Any CPU
		{9D30BB5D-227A-4EC0-8331-5ECC8A3407E8}.Debug|Mixed Platforms.ActiveCfg = Debug45|Any CPU
		{9D30BB5D-227A-4EC0-8331-5ECC8A3407E8}.Debug|Mixed Platforms.Build.0 = Debug45|Any CPU
		{9D30BB5D-227A-4EC0-8331-5ECC8A3407E8}.Debug|x86.ActiveCfg = Debug45|Any CPU
		{9D30BB5D-227A-4EC0-8331-5ECC8A3407E8}.Debug40|Any CPU.ActiveCfg = Debug40|Any CPU
		{9D30BB5D-227A-4EC0-8331-5ECC8A3407E8}.Debug40|Any CPU.Build.0 = Debug40|Any CPU
		{9D30BB5D-227A-4EC0-8331-5ECC8A3407E8}.Debug40|Mixed Platforms.ActiveCfg = Debug40|Any CPU
		{9D30BB5D-227A-4EC0-8331-5ECC8A3407E8}.Debug40|Mixed Platforms.Build.0 = Debug40|Any CPU
		{9D30BB5D-227A-4EC0-8331-5ECC8A3407E8}.Debug40|x86.ActiveCfg = Debug40|Any CPU
		{9D30BB5D-227A-4EC0-8331-5ECC8A3407E8}.Debug45|Any CPU.ActiveCfg = Debug45|Any CPU
		{9D30BB5D-227A-4EC0-8331-5ECC8A3407E8}.Debug45|Any CPU.Build.0 = Debug45|Any CPU
		{9D30BB5D-227A-4EC0-8331-5ECC8A3407E8}.Debug45|Mixed Platforms.ActiveCfg = Debug45|Any CPU
		{9D30BB5D-227A-4EC0-8331-5ECC8A3407E8}.Debug45|Mixed Platforms.Build.0 = Debug45|Any CPU
		{9D30BB5D-227A-4EC0-8331-5ECC8A3407E8}.Debug45|x86.ActiveCfg = Debug45|Any CPU
		{9D30BB5D-227A-4EC0-8331-5ECC8A3407E8}.Release|Any CPU.ActiveCfg = Release45|Any CPU
		{9D30BB5D-227A-4EC0-8331-5ECC8A3407E8}.Release|Any CPU.Build.0 = Release45|Any CPU
		{9D30BB5D-227A-4EC0-8331-5ECC8A3407E8}.Release|Mixed Platforms.ActiveCfg = Release45|Any CPU
		{9D30BB5D-227A-4EC0-8331-5ECC8A3407E8}.Release|Mixed Platforms.Build.0 = Release45|Any CPU
		{9D30BB5D-227A-4EC0-8331-5ECC8A3407E8}.Release|x86.ActiveCfg = Release45|Any CPU
		{9D30BB5D-227A-4EC0-8331-5ECC8A3407E8}.Release40|Any CPU.ActiveCfg = Release40|Any CPU
		{9D30BB5D-227A-4EC0-8331-5ECC8A3407E8}.Release40|Any CPU.Build.0 = Release40|Any CPU
		{9D30BB5D-227A-4EC0-8331-5ECC8A3407E8}.Release40|Mixed Platforms.ActiveCfg = Release40|Any CPU
		{9D30BB5D-227A-4EC0-8331-5ECC8A3407E8}.Release40|Mixed Platforms.Build.0 = Release40|Any CPU
		{9D30BB5D-227A-4EC0-8331-5ECC8A3407E8}.Release40|x86.ActiveCfg = Release40|Any CPU
		{9D30BB5D-227A-4EC0-8331-5ECC8A3407E8}.Release45|Any CPU.ActiveCfg = Release45|Any CPU
		{9D30BB5D-227A-4EC0-8331-5ECC8A3407E8}.Release45|Any CPU.Build.0 = Release45|Any CPU
		{9D30BB5D-227A-4EC0-8331-5ECC8A3407E8}.Release45|Mixed Platforms.ActiveCfg = Release45|Any CPU
		{9D30BB5D-227A-4EC0-8331-5ECC8A3407E8}.Release45|Mixed Platforms.Build.0 = Release45|Any CPU
		{9D30BB5D-227A-4EC0-8331-5ECC8A3407E8}.Release45|x86.ActiveCfg = Release45|Any CPU
		{6DCE4A40-4946-41B0-ABE5-CE1700B598E9}.Debug|Any CPU.ActiveCfg = Debug45|Any CPU
		{6DCE4A40-4946-41B0-ABE5-CE1700B598E9}.Debug|Any CPU.Build.0 = Debug45|Any CPU
		{6DCE4A40-4946-41B0-ABE5-CE1700B598E9}.Debug|Mixed Platforms.ActiveCfg = Debug45|Any CPU
		{6DCE4A40-4946-41B0-ABE5-CE1700B598E9}.Debug|Mixed Platforms.Build.0 = Debug45|Any CPU
		{6DCE4A40-4946-41B0-ABE5-CE1700B598E9}.Debug|x86.ActiveCfg = Debug45|Any CPU
		{6DCE4A40-4946-41B0-ABE5-CE1700B598E9}.Debug40|Any CPU.ActiveCfg = Debug40|Any CPU
		{6DCE4A40-4946-41B0-ABE5-CE1700B598E9}.Debug40|Any CPU.Build.0 = Debug40|Any CPU
		{6DCE4A40-4946-41B0-ABE5-CE1700B598E9}.Debug40|Mixed Platforms.ActiveCfg = Debug40|Any CPU
		{6DCE4A40-4946-41B0-ABE5-CE1700B598E9}.Debug40|Mixed Platforms.Build.0 = Debug40|Any CPU
		{6DCE4A40-4946-41B0-ABE5-CE1700B598E9}.Debug40|x86.ActiveCfg = Debug40|Any CPU
		{6DCE4A40-4946-41B0-ABE5-CE1700B598E9}.Debug45|Any CPU.ActiveCfg = Debug45|Any CPU
		{6DCE4A40-4946-41B0-ABE5-CE1700B598E9}.Debug45|Any CPU.Build.0 = Debug45|Any CPU
		{6DCE4A40-4946-41B0-ABE5-CE1700B598E9}.Debug45|Mixed Platforms.ActiveCfg = Debug45|Any CPU
		{6DCE4A40-4946-41B0-ABE5-CE1700B598E9}.Debug45|Mixed Platforms.Build.0 = Debug45|Any CPU
		{6DCE4A40-4946-41B0-ABE5-CE1700B598E9}.Debug45|x86.ActiveCfg = Debug45|Any CPU
		{6DCE4A40-4946-41B0-ABE5-CE1700B598E9}.Release|Any CPU.ActiveCfg = Release45|Any CPU
		{6DCE4A40-4946-41B0-ABE5-CE1700B598E9}.Release|Any CPU.Build.0 = Release45|Any CPU
		{6DCE4A40-4946-41B0-ABE5-CE1700B598E9}.Release|Mixed Platforms.ActiveCfg = Release45|Any CPU
		{6DCE4A40-4946-41B0-ABE5-CE1700B598E9}.Release|Mixed Platforms.Build.0 = Release45|Any CPU
		{6DCE4A40-4946-41B0-ABE5-CE1700B598E9}.Release|x86.ActiveCfg = Release45|Any CPU
		{6DCE4A40-4946-41B0-ABE5-CE1700B598E9}.Release40|Any CPU.ActiveCfg = Release40|Any CPU
		{6DCE4A40-4946-41B0-ABE5-CE1700B598E9}.Release40|Any CPU.Build.0 = Release40|Any CPU
		{6DCE4A40-4946-41B0-ABE5-CE1700B598E9}.Release40|Mixed Platforms.ActiveCfg = Release40|Any CPU
		{6DCE4A40-4946-41B0-ABE5-CE1700B598E9}.Release40|Mixed Platforms.Build.0 = Release40|Any CPU
		{6DCE4A40-4946-41B0-ABE5-CE1700B598E9}.Release40|x86.ActiveCfg = Release40|Any CPU
		{6DCE4A40-4946-41B0-ABE5-CE1700B598E9}.Release45|Any CPU.ActiveCfg = Release45|Any CPU
		{6DCE4A40-4946-41B0-ABE5-CE1700B598E9}.Release45|Any CPU.Build.0 = Release45|Any CPU
		{6DCE4A40-4946-41B0-ABE5-CE1700B598E9}.Release45|Mixed Platforms.ActiveCfg = Release45|Any CPU
		{6DCE4A40-4946-41B0-ABE5-CE1700B598E9}.Release45|Mixed Platforms.Build.0 = Release45|Any CPU
		{6DCE4A40-4946-41B0-ABE5-CE1700B598E9}.Release45|x86.ActiveCfg = Release45|Any CPU
		{C08B80DD-5E1B-4F9E-986D-F1668F5E8DF4}.Debug|Any CPU.ActiveCfg = Debug40|Any CPU
		{C08B80DD-5E1B-4F9E-986D-F1668F5E8DF4}.Debug|Any CPU.Build.0 = Debug40|Any CPU
		{C08B80DD-5E1B-4F9E-986D-F1668F5E8DF4}.Debug|Mixed Platforms.ActiveCfg = Debug40|Any CPU
		{C08B80DD-5E1B-4F9E-986D-F1668F5E8DF4}.Debug|Mixed Platforms.Build.0 = Debug40|Any CPU
		{C08B80DD-5E1B-4F9E-986D-F1668F5E8DF4}.Debug|x86.ActiveCfg = Debug40|Any CPU
		{C08B80DD-5E1B-4F9E-986D-F1668F5E8DF4}.Debug40|Any CPU.ActiveCfg = Debug40|Any CPU
		{C08B80DD-5E1B-4F9E-986D-F1668F5E8DF4}.Debug40|Any CPU.Build.0 = Debug40|Any CPU
		{C08B80DD-5E1B-4F9E-986D-F1668F5E8DF4}.Debug40|Mixed Platforms.ActiveCfg = Debug40|Any CPU
		{C08B80DD-5E1B-4F9E-986D-F1668F5E8DF4}.Debug40|Mixed Platforms.Build.0 = Debug40|Any CPU
		{C08B80DD-5E1B-4F9E-986D-F1668F5E8DF4}.Debug40|x86.ActiveCfg = Debug40|Any CPU
		{C08B80DD-5E1B-4F9E-986D-F1668F5E8DF4}.Debug45|Any CPU.ActiveCfg = Debug45|Any CPU
		{C08B80DD-5E1B-4F9E-986D-F1668F5E8DF4}.Debug45|Any CPU.Build.0 = Debug45|Any CPU
		{C08B80DD-5E1B-4F9E-986D-F1668F5E8DF4}.Debug45|Mixed Platforms.ActiveCfg = Debug45|Any CPU
		{C08B80DD-5E1B-4F9E-986D-F1668F5E8DF4}.Debug45|Mixed Platforms.Build.0 = Debug45|Any CPU
		{C08B80DD-5E1B-4F9E-986D-F1668F5E8DF4}.Debug45|x86.ActiveCfg = Debug45|Any CPU
		{C08B80DD-5E1B-4F9E-986D-F1668F5E8DF4}.Release|Any CPU.ActiveCfg = Release40|Any CPU
		{C08B80DD-5E1B-4F9E-986D-F1668F5E8DF4}.Release|Any CPU.Build.0 = Release40|Any CPU
		{C08B80DD-5E1B-4F9E-986D-F1668F5E8DF4}.Release|Mixed Platforms.ActiveCfg = Release40|Any CPU
		{C08B80DD-5E1B-4F9E-986D-F1668F5E8DF4}.Release|Mixed Platforms.Build.0 = Release40|Any CPU
		{C08B80DD-5E1B-4F9E-986D-F1668F5E8DF4}.Release|x86.ActiveCfg = Release40|Any CPU
		{C08B80DD-5E1B-4F9E-986D-F1668F5E8DF4}.Release40|Any CPU.ActiveCfg = Release40|Any CPU
		{C08B80DD-5E1B-4F9E-986D-F1668F5E8DF4}.Release40|Any CPU.Build.0 = Release40|Any CPU
		{C08B80DD-5E1B-4F9E-986D-F1668F5E8DF4}.Release40|Mixed Platforms.ActiveCfg = Release40|Any CPU
		{C08B80DD-5E1B-4F9E-986D-F1668F5E8DF4}.Release40|Mixed Platforms.Build.0 = Release40|Any CPU
		{C08B80DD-5E1B-4F9E-986D-F1668F5E8DF4}.Release40|x86.ActiveCfg = Release40|Any CPU
		{C08B80DD-5E1B-4F9E-986D-F1668F5E8DF4}.Release45|Any CPU.ActiveCfg = Release45|Any CPU
		{C08B80DD-5E1B-4F9E-986D-F1668F5E8DF4}.Release45|Any CPU.Build.0 = Release45|Any CPU
		{C08B80DD-5E1B-4F9E-986D-F1668F5E8DF4}.Release45|Mixed Platforms.ActiveCfg = Release45|Any CPU
		{C08B80DD-5E1B-4F9E-986D-F1668F5E8DF4}.Release45|Mixed Platforms.Build.0 = Release45|Any CPU
		{C08B80DD-5E1B-4F9E-986D-F1668F5E8DF4}.Release45|x86.ActiveCfg = Release45|Any CPU
		{3D7895B8-A87A-4E0C-8AA5-4075C89376EC}.Debug|Any CPU.ActiveCfg = Debug|Any CPU
		{3D7895B8-A87A-4E0C-8AA5-4075C89376EC}.Debug|Any CPU.Build.0 = Debug|Any CPU
		{3D7895B8-A87A-4E0C-8AA5-4075C89376EC}.Debug|Mixed Platforms.ActiveCfg = Debug|Any CPU
		{3D7895B8-A87A-4E0C-8AA5-4075C89376EC}.Debug|Mixed Platforms.Build.0 = Debug|Any CPU
		{3D7895B8-A87A-4E0C-8AA5-4075C89376EC}.Debug|x86.ActiveCfg = Debug|Any CPU
		{3D7895B8-A87A-4E0C-8AA5-4075C89376EC}.Debug40|Any CPU.ActiveCfg = Debug|Any CPU
		{3D7895B8-A87A-4E0C-8AA5-4075C89376EC}.Debug40|Any CPU.Build.0 = Debug|Any CPU
		{3D7895B8-A87A-4E0C-8AA5-4075C89376EC}.Debug40|Mixed Platforms.ActiveCfg = Debug|Any CPU
		{3D7895B8-A87A-4E0C-8AA5-4075C89376EC}.Debug40|Mixed Platforms.Build.0 = Debug|Any CPU
		{3D7895B8-A87A-4E0C-8AA5-4075C89376EC}.Debug40|x86.ActiveCfg = Debug|Any CPU
		{3D7895B8-A87A-4E0C-8AA5-4075C89376EC}.Debug45|Any CPU.ActiveCfg = Debug|Any CPU
		{3D7895B8-A87A-4E0C-8AA5-4075C89376EC}.Debug45|Any CPU.Build.0 = Debug|Any CPU
		{3D7895B8-A87A-4E0C-8AA5-4075C89376EC}.Debug45|Mixed Platforms.ActiveCfg = Debug|Any CPU
		{3D7895B8-A87A-4E0C-8AA5-4075C89376EC}.Debug45|Mixed Platforms.Build.0 = Debug|Any CPU
		{3D7895B8-A87A-4E0C-8AA5-4075C89376EC}.Debug45|x86.ActiveCfg = Debug|Any CPU
		{3D7895B8-A87A-4E0C-8AA5-4075C89376EC}.Release|Any CPU.ActiveCfg = Release|Any CPU
		{3D7895B8-A87A-4E0C-8AA5-4075C89376EC}.Release|Any CPU.Build.0 = Release|Any CPU
		{3D7895B8-A87A-4E0C-8AA5-4075C89376EC}.Release|Mixed Platforms.ActiveCfg = Release|Any CPU
		{3D7895B8-A87A-4E0C-8AA5-4075C89376EC}.Release|Mixed Platforms.Build.0 = Release|Any CPU
		{3D7895B8-A87A-4E0C-8AA5-4075C89376EC}.Release|x86.ActiveCfg = Release|Any CPU
		{3D7895B8-A87A-4E0C-8AA5-4075C89376EC}.Release40|Any CPU.ActiveCfg = Release|Any CPU
		{3D7895B8-A87A-4E0C-8AA5-4075C89376EC}.Release40|Any CPU.Build.0 = Release|Any CPU
		{3D7895B8-A87A-4E0C-8AA5-4075C89376EC}.Release40|Mixed Platforms.ActiveCfg = Release|Any CPU
		{3D7895B8-A87A-4E0C-8AA5-4075C89376EC}.Release40|Mixed Platforms.Build.0 = Release|Any CPU
		{3D7895B8-A87A-4E0C-8AA5-4075C89376EC}.Release40|x86.ActiveCfg = Release|Any CPU
		{3D7895B8-A87A-4E0C-8AA5-4075C89376EC}.Release45|Any CPU.ActiveCfg = Release|Any CPU
		{3D7895B8-A87A-4E0C-8AA5-4075C89376EC}.Release45|Any CPU.Build.0 = Release|Any CPU
		{3D7895B8-A87A-4E0C-8AA5-4075C89376EC}.Release45|Mixed Platforms.ActiveCfg = Release|Any CPU
		{3D7895B8-A87A-4E0C-8AA5-4075C89376EC}.Release45|Mixed Platforms.Build.0 = Release|Any CPU
		{3D7895B8-A87A-4E0C-8AA5-4075C89376EC}.Release45|x86.ActiveCfg = Release|Any CPU
	EndGlobalSection
	GlobalSection(SolutionProperties) = preSolution
		HideSolutionNode = FALSE
	EndGlobalSection
	GlobalSection(NestedProjects) = preSolution
		{C5CC33B0-1684-4DD4-83A5-5DA4A9A25A7F} = {A7752FEA-02EC-4437-984A-B2033EB4EE03}
		{C4043ABB-EC40-4194-B15B-C0D13C2CF5C8} = {A7752FEA-02EC-4437-984A-B2033EB4EE03}
		{6DCE4A40-4946-41B0-ABE5-CE1700B598E9} = {A7752FEA-02EC-4437-984A-B2033EB4EE03}
	EndGlobalSection
EndGlobal
