
Microsoft Visual Studio Solution File, Format Version 12.00
# Visual Studio 14
VisualStudioVersion = 14.0.25420.1
MinimumVisualStudioVersion = 10.0.40219.1
Project("{FAE04EC0-301F-11D3-BF4B-00C04F79EFBC}") = "Tx.Core", "..\..\Source\Tx.Core\Tx.Core.csproj", "{C5CC33B0-1684-4DD4-83A5-5DA4A9A25A7F}"
EndProject
Project("{FAE04EC0-301F-11D3-BF4B-00C04F79EFBC}") = "Tx.Windows", "..\..\Source\Tx.Windows\Tx.Windows.csproj", "{C4043ABB-EC40-4194-B15B-C0D13C2CF5C8}"
EndProject
Project("{2150E333-8FDC-42A3-9474-1A3956D46DE8}") = "Tx", "Tx", "{A7752FEA-02EC-4437-984A-B2033EB4EE03}"
EndProject
Project("{FAE04EC0-301F-11D3-BF4B-00C04F79EFBC}") = "DemoUI", "DemoUI\DemoUI.csproj", "{AAE1BCF1-71E1-4E3E-99A5-1C934A9AC92E}"
EndProject
Project("{FAE04EC0-301F-11D3-BF4B-00C04F79EFBC}") = "IEAutomation", "IEAutomation\IEAutomation.csproj", "{C6DEAF6C-BE5D-4335-BC88-E086F24DC459}"
EndProject
Project("{FAE04EC0-301F-11D3-BF4B-00C04F79EFBC}") = "SynCtr", "SynCtr\SynCtr.csproj", "{4E2EE1A8-8BE4-4D3D-9D06-5BBCA14E83C5}"
EndProject
Project("{FAE04EC0-301F-11D3-BF4B-00C04F79EFBC}") = "TcpHog", "TcpHog\TcpHog.csproj", "{CB3F7AAA-BE1F-49C9-BC57-71ED128F18AC}"
EndProject
Global
	GlobalSection(SolutionConfigurationPlatforms) = preSolution
		Debug45|Any CPU = Debug45|Any CPU
		Debug45|Mixed Platforms = Debug45|Mixed Platforms
		Debug45|x86 = Debug45|x86
		Release45|Any CPU = Release45|Any CPU
		Release45|Mixed Platforms = Release45|Mixed Platforms
		Release45|x86 = Release45|x86
	EndGlobalSection
	GlobalSection(ProjectConfigurationPlatforms) = postSolution
		{C5CC33B0-1684-4DD4-83A5-5DA4A9A25A7F}.Debug45|Any CPU.ActiveCfg = Debug45|Any CPU
		{C5CC33B0-1684-4DD4-83A5-5DA4A9A25A7F}.Debug45|Any CPU.Build.0 = Debug45|Any CPU
		{C5CC33B0-1684-4DD4-83A5-5DA4A9A25A7F}.Debug45|Mixed Platforms.ActiveCfg = Debug45|Any CPU
		{C5CC33B0-1684-4DD4-83A5-5DA4A9A25A7F}.Debug45|Mixed Platforms.Build.0 = Debug45|Any CPU
		{C5CC33B0-1684-4DD4-83A5-5DA4A9A25A7F}.Debug45|x86.ActiveCfg = Debug45|Any CPU
		{C5CC33B0-1684-4DD4-83A5-5DA4A9A25A7F}.Release45|Any CPU.ActiveCfg = Release45|Any CPU
		{C5CC33B0-1684-4DD4-83A5-5DA4A9A25A7F}.Release45|Any CPU.Build.0 = Release45|Any CPU
		{C5CC33B0-1684-4DD4-83A5-5DA4A9A25A7F}.Release45|Mixed Platforms.ActiveCfg = Release45|Any CPU
		{C5CC33B0-1684-4DD4-83A5-5DA4A9A25A7F}.Release45|Mixed Platforms.Build.0 = Release45|Any CPU
		{C5CC33B0-1684-4DD4-83A5-5DA4A9A25A7F}.Release45|x86.ActiveCfg = Release45|Any CPU
		{C4043ABB-EC40-4194-B15B-C0D13C2CF5C8}.Debug45|Any CPU.ActiveCfg = Debug45|Any CPU
		{C4043ABB-EC40-4194-B15B-C0D13C2CF5C8}.Debug45|Any CPU.Build.0 = Debug45|Any CPU
		{C4043ABB-EC40-4194-B15B-C0D13C2CF5C8}.Debug45|Mixed Platforms.ActiveCfg = Debug45|Any CPU
		{C4043ABB-EC40-4194-B15B-C0D13C2CF5C8}.Debug45|Mixed Platforms.Build.0 = Debug45|Any CPU
		{C4043ABB-EC40-4194-B15B-C0D13C2CF5C8}.Debug45|x86.ActiveCfg = Debug45|Any CPU
		{C4043ABB-EC40-4194-B15B-C0D13C2CF5C8}.Release45|Any CPU.ActiveCfg = Release45|Any CPU
		{C4043ABB-EC40-4194-B15B-C0D13C2CF5C8}.Release45|Any CPU.Build.0 = Release45|Any CPU
		{C4043ABB-EC40-4194-B15B-C0D13C2CF5C8}.Release45|Mixed Platforms.ActiveCfg = Release45|Any CPU
		{C4043ABB-EC40-4194-B15B-C0D13C2CF5C8}.Release45|Mixed Platforms.Build.0 = Release45|Any CPU
		{C4043ABB-EC40-4194-B15B-C0D13C2CF5C8}.Release45|x86.ActiveCfg = Release45|Any CPU
		{AAE1BCF1-71E1-4E3E-99A5-1C934A9AC92E}.Debug45|Any CPU.ActiveCfg = Debug45|Any CPU
		{AAE1BCF1-71E1-4E3E-99A5-1C934A9AC92E}.Debug45|Any CPU.Build.0 = Debug45|Any CPU
		{AAE1BCF1-71E1-4E3E-99A5-1C934A9AC92E}.Debug45|Mixed Platforms.ActiveCfg = Debug45|Any CPU
		{AAE1BCF1-71E1-4E3E-99A5-1C934A9AC92E}.Debug45|Mixed Platforms.Build.0 = Debug45|Any CPU
		{AAE1BCF1-71E1-4E3E-99A5-1C934A9AC92E}.Debug45|x86.ActiveCfg = Debug45|Any CPU
		{AAE1BCF1-71E1-4E3E-99A5-1C934A9AC92E}.Release45|Any CPU.ActiveCfg = Release45|Any CPU
		{AAE1BCF1-71E1-4E3E-99A5-1C934A9AC92E}.Release45|Any CPU.Build.0 = Release45|Any CPU
		{AAE1BCF1-71E1-4E3E-99A5-1C934A9AC92E}.Release45|Mixed Platforms.ActiveCfg = Release45|Any CPU
		{AAE1BCF1-71E1-4E3E-99A5-1C934A9AC92E}.Release45|Mixed Platforms.Build.0 = Release45|Any CPU
		{AAE1BCF1-71E1-4E3E-99A5-1C934A9AC92E}.Release45|x86.ActiveCfg = Release45|Any CPU
		{C6DEAF6C-BE5D-4335-BC88-E086F24DC459}.Debug45|Any CPU.ActiveCfg = Debug45|Any CPU
		{C6DEAF6C-BE5D-4335-BC88-E086F24DC459}.Debug45|Any CPU.Build.0 = Debug45|Any CPU
		{C6DEAF6C-BE5D-4335-BC88-E086F24DC459}.Debug45|Mixed Platforms.ActiveCfg = Debug45|Any CPU
		{C6DEAF6C-BE5D-4335-BC88-E086F24DC459}.Debug45|Mixed Platforms.Build.0 = Debug45|Any CPU
		{C6DEAF6C-BE5D-4335-BC88-E086F24DC459}.Debug45|x86.ActiveCfg = Debug45|Any CPU
		{C6DEAF6C-BE5D-4335-BC88-E086F24DC459}.Release45|Any CPU.ActiveCfg = Release45|Any CPU
		{C6DEAF6C-BE5D-4335-BC88-E086F24DC459}.Release45|Any CPU.Build.0 = Release45|Any CPU
		{C6DEAF6C-BE5D-4335-BC88-E086F24DC459}.Release45|Mixed Platforms.ActiveCfg = Release45|Any CPU
		{C6DEAF6C-BE5D-4335-BC88-E086F24DC459}.Release45|Mixed Platforms.Build.0 = Release45|Any CPU
		{C6DEAF6C-BE5D-4335-BC88-E086F24DC459}.Release45|x86.ActiveCfg = Release45|Any CPU
		{4E2EE1A8-8BE4-4D3D-9D06-5BBCA14E83C5}.Debug45|Any CPU.ActiveCfg = Debug45|Any CPU
		{4E2EE1A8-8BE4-4D3D-9D06-5BBCA14E83C5}.Debug45|Any CPU.Build.0 = Debug45|Any CPU
		{4E2EE1A8-8BE4-4D3D-9D06-5BBCA14E83C5}.Debug45|Mixed Platforms.ActiveCfg = Debug45|Any CPU
		{4E2EE1A8-8BE4-4D3D-9D06-5BBCA14E83C5}.Debug45|Mixed Platforms.Build.0 = Debug45|Any CPU
		{4E2EE1A8-8BE4-4D3D-9D06-5BBCA14E83C5}.Debug45|x86.ActiveCfg = Debug45|Any CPU
		{4E2EE1A8-8BE4-4D3D-9D06-5BBCA14E83C5}.Release45|Any CPU.ActiveCfg = Release45|Any CPU
		{4E2EE1A8-8BE4-4D3D-9D06-5BBCA14E83C5}.Release45|Any CPU.Build.0 = Release45|Any CPU
		{4E2EE1A8-8BE4-4D3D-9D06-5BBCA14E83C5}.Release45|Mixed Platforms.ActiveCfg = Release45|Any CPU
		{4E2EE1A8-8BE4-4D3D-9D06-5BBCA14E83C5}.Release45|Mixed Platforms.Build.0 = Release45|Any CPU
		{4E2EE1A8-8BE4-4D3D-9D06-5BBCA14E83C5}.Release45|x86.ActiveCfg = Release45|Any CPU
		{CB3F7AAA-BE1F-49C9-BC57-71ED128F18AC}.Debug45|Any CPU.ActiveCfg = Debug45|Any CPU
		{CB3F7AAA-BE1F-49C9-BC57-71ED128F18AC}.Debug45|Any CPU.Build.0 = Debug45|Any CPU
		{CB3F7AAA-BE1F-49C9-BC57-71ED128F18AC}.Debug45|Mixed Platforms.ActiveCfg = Debug45|Any CPU
		{CB3F7AAA-BE1F-49C9-BC57-71ED128F18AC}.Debug45|Mixed Platforms.Build.0 = Debug45|Any CPU
		{CB3F7AAA-BE1F-49C9-BC57-71ED128F18AC}.Debug45|x86.ActiveCfg = Debug45|Any CPU
		{CB3F7AAA-BE1F-49C9-BC57-71ED128F18AC}.Release45|Any CPU.ActiveCfg = Release45|Any CPU
		{CB3F7AAA-BE1F-49C9-BC57-71ED128F18AC}.Release45|Any CPU.Build.0 = Release45|Any CPU
		{CB3F7AAA-BE1F-49C9-BC57-71ED128F18AC}.Release45|Mixed Platforms.ActiveCfg = Release45|Any CPU
		{CB3F7AAA-BE1F-49C9-BC57-71ED128F18AC}.Release45|Mixed Platforms.Build.0 = Release45|Any CPU
		{CB3F7AAA-BE1F-49C9-BC57-71ED128F18AC}.Release45|x86.ActiveCfg = Release45|Any CPU
	EndGlobalSection
	GlobalSection(SolutionProperties) = preSolution
		HideSolutionNode = FALSE
	EndGlobalSection
	GlobalSection(NestedProjects) = preSolution
		{C5CC33B0-1684-4DD4-83A5-5DA4A9A25A7F} = {A7752FEA-02EC-4437-984A-B2033EB4EE03}
		{C4043ABB-EC40-4194-B15B-C0D13C2CF5C8} = {A7752FEA-02EC-4437-984A-B2033EB4EE03}
	EndGlobalSection
EndGlobal
