
Microsoft Visual Studio Solution File, Format Version 12.00
# Visual Studio 14
VisualStudioVersion = 14.0.25420.1
MinimumVisualStudioVersion = 10.0.40219.1
Project("{FAE04EC0-301F-11D3-BF4B-00C04F79EFBC}") = "LinqRxConcepts", "LinqRxConcepts.csproj", "{05D2241C-A333-43F9-8851-2972A5662D88}"
EndProject
Global
	GlobalSection(SolutionConfigurationPlatforms) = preSolution
		Debug|Any CPU = Debug|Any CPU
		Release|Any CPU = Release|Any CPU
	EndGlobalSection
	GlobalSection(ProjectConfigurationPlatforms) = postSolution
		{05D2241C-A333-43F9-8851-2972A5662D88}.Debug|Any CPU.ActiveCfg = Debug45|Any CPU
		{05D2241C-A333-43F9-8851-2972A5662D88}.Debug|Any CPU.Build.0 = Debug45|Any CPU
		{05D2241C-A333-43F9-8851-2972A5662D88}.Release|Any CPU.ActiveCfg = Release45|Any CPU
		{05D2241C-A333-43F9-8851-2972A5662D88}.Release|Any CPU.Build.0 = Release45|Any CPU
	EndGlobalSection
	GlobalSection(SolutionProperties) = preSolution
		HideSolutionNode = FALSE
	EndGlobalSection
EndGlobal
