
Microsoft Visual Studio Solution File, Format Version 12.00
# Visual Studio 2012
Project("{FAE04EC0-301F-11D3-BF4B-00C04F79EFBC}") = "EventLogRaw", "EvtxRaw\EventLogRaw.csproj", "{6C6D01A6-2A35-49D4-8D49-A3BDD15B587E}"
EndProject
Project("{FAE04EC0-301F-11D3-BF4B-00C04F79EFBC}") = "EtwRaw", "EtwRaw\EtwRaw.csproj", "{94DEECFE-4940-44C2-B189-1D095B434E64}"
EndProject
Project("{FAE04EC0-301F-11D3-BF4B-00C04F79EFBC}") = "EtwRaw_VirtualTime", "EtwRaw_VirtualTime\EtwRaw_VirtualTime.csproj", "{E58173E2-502B-431D-921D-38A08E318411}"
EndProject
Project("{FAE04EC0-301F-11D3-BF4B-00C04F79EFBC}") = "EtwRaw_RealTime", "EtwRaw_RealTime\EtwRaw_RealTime.csproj", "{52C97062-0431-40DD-A14D-E5CC2BE89690}"
EndProject
Project("{FAE04EC0-301F-11D3-BF4B-00C04F79EFBC}") = "XeObservable", "XeObservable\XeObservable.csproj", "{890A312F-3A5B-490A-804F-2443CE5605C2}"
EndProject
Project("{FAE04EC0-301F-11D3-BF4B-00C04F79EFBC}") = "EventLogRaw_RealTime", "EvtxRaw_RealTime\EventLogRaw_RealTime.csproj", "{CB886120-D55F-48B0-822E-AB0951FCAC02}"
EndProject
Project("{FAE04EC0-301F-11D3-BF4B-00C04F79EFBC}") = "Tx.Core", "..\..\Source\Tx.Core\Tx.Core.csproj", "{C5CC33B0-1684-4DD4-83A5-5DA4A9A25A7F}"
EndProject
Project("{FAE04EC0-301F-11D3-BF4B-00C04F79EFBC}") = "Tx.Windows", "..\..\Source\Tx.Windows\Tx.Windows.csproj", "{C4043ABB-EC40-4194-B15B-C0D13C2CF5C8}"
EndProject
Project("{FAE04EC0-301F-11D3-BF4B-00C04F79EFBC}") = "Tx.SqlServer", "..\..\Source\Tx.SqlServer\Tx.SqlServer.csproj", "{8892848F-45A1-46AC-A686-6A25EEC1475B}"
EndProject
Project("{2150E333-8FDC-42A3-9474-1A3956D46DE8}") = "Tx", "Tx", "{23AE54EF-60BA-4AB2-A167-3B6F7CE72D29}"
EndProject
Global
	GlobalSection(SolutionConfigurationPlatforms) = preSolution
		Debug40|Any CPU = Debug40|Any CPU
		Debug40|Mixed Platforms = Debug40|Mixed Platforms
		Debug40|x86 = Debug40|x86
		Debug45|Any CPU = Debug45|Any CPU
		Debug45|Mixed Platforms = Debug45|Mixed Platforms
		Debug45|x86 = Debug45|x86
		Release40|Any CPU = Release40|Any CPU
		Release40|Mixed Platforms = Release40|Mixed Platforms
		Release40|x86 = Release40|x86
		Release45|Any CPU = Release45|Any CPU
		Release45|Mixed Platforms = Release45|Mixed Platforms
		Release45|x86 = Release45|x86
	EndGlobalSection
	GlobalSection(ProjectConfigurationPlatforms) = postSolution
		{6C6D01A6-2A35-49D4-8D49-A3BDD15B587E}.Debug40|Any CPU.ActiveCfg = Debug40|Any CPU
		{6C6D01A6-2A35-49D4-8D49-A3BDD15B587E}.Debug40|Any CPU.Build.0 = Debug40|Any CPU
		{6C6D01A6-2A35-49D4-8D49-A3BDD15B587E}.Debug40|Mixed Platforms.ActiveCfg = Debug40|Any CPU
		{6C6D01A6-2A35-49D4-8D49-A3BDD15B587E}.Debug40|Mixed Platforms.Build.0 = Debug40|Any CPU
		{6C6D01A6-2A35-49D4-8D49-A3BDD15B587E}.Debug40|x86.ActiveCfg = Debug40|Any CPU
		{6C6D01A6-2A35-49D4-8D49-A3BDD15B587E}.Debug45|Any CPU.ActiveCfg = Debug45|Any CPU
		{6C6D01A6-2A35-49D4-8D49-A3BDD15B587E}.Debug45|Any CPU.Build.0 = Debug45|Any CPU
		{6C6D01A6-2A35-49D4-8D49-A3BDD15B587E}.Debug45|Mixed Platforms.ActiveCfg = Debug45|Any CPU
		{6C6D01A6-2A35-49D4-8D49-A3BDD15B587E}.Debug45|Mixed Platforms.Build.0 = Debug45|Any CPU
		{6C6D01A6-2A35-49D4-8D49-A3BDD15B587E}.Debug45|x86.ActiveCfg = Debug45|Any CPU
		{6C6D01A6-2A35-49D4-8D49-A3BDD15B587E}.Release40|Any CPU.ActiveCfg = Release40|Any CPU
		{6C6D01A6-2A35-49D4-8D49-A3BDD15B587E}.Release40|Any CPU.Build.0 = Release40|Any CPU
		{6C6D01A6-2A35-49D4-8D49-A3BDD15B587E}.Release40|Mixed Platforms.ActiveCfg = Release40|Any CPU
		{6C6D01A6-2A35-49D4-8D49-A3BDD15B587E}.Release40|Mixed Platforms.Build.0 = Release40|Any CPU
		{6C6D01A6-2A35-49D4-8D49-A3BDD15B587E}.Release40|x86.ActiveCfg = Release40|Any CPU
		{6C6D01A6-2A35-49D4-8D49-A3BDD15B587E}.Release45|Any CPU.ActiveCfg = Release45|Any CPU
		{6C6D01A6-2A35-49D4-8D49-A3BDD15B587E}.Release45|Any CPU.Build.0 = Release45|Any CPU
		{6C6D01A6-2A35-49D4-8D49-A3BDD15B587E}.Release45|Mixed Platforms.ActiveCfg = Release45|Any CPU
		{6C6D01A6-2A35-49D4-8D49-A3BDD15B587E}.Release45|Mixed Platforms.Build.0 = Release45|Any CPU
		{6C6D01A6-2A35-49D4-8D49-A3BDD15B587E}.Release45|x86.ActiveCfg = Release45|Any CPU
		{94DEECFE-4940-44C2-B189-1D095B434E64}.Debug40|Any CPU.ActiveCfg = Debug40|Any CPU
		{94DEECFE-4940-44C2-B189-1D095B434E64}.Debug40|Any CPU.Build.0 = Debug40|Any CPU
		{94DEECFE-4940-44C2-B189-1D095B434E64}.Debug40|Mixed Platforms.ActiveCfg = Debug40|Any CPU
		{94DEECFE-4940-44C2-B189-1D095B434E64}.Debug40|Mixed Platforms.Build.0 = Debug40|Any CPU
		{94DEECFE-4940-44C2-B189-1D095B434E64}.Debug40|x86.ActiveCfg = Debug40|Any CPU
		{94DEECFE-4940-44C2-B189-1D095B434E64}.Debug45|Any CPU.ActiveCfg = Debug45|Any CPU
		{94DEECFE-4940-44C2-B189-1D095B434E64}.Debug45|Any CPU.Build.0 = Debug45|Any CPU
		{94DEECFE-4940-44C2-B189-1D095B434E64}.Debug45|Mixed Platforms.ActiveCfg = Debug45|Any CPU
		{94DEECFE-4940-44C2-B189-1D095B434E64}.Debug45|Mixed Platforms.Build.0 = Debug45|Any CPU
		{94DEECFE-4940-44C2-B189-1D095B434E64}.Debug45|x86.ActiveCfg = Debug45|Any CPU
		{94DEECFE-4940-44C2-B189-1D095B434E64}.Release40|Any CPU.ActiveCfg = Release40|Any CPU
		{94DEECFE-4940-44C2-B189-1D095B434E64}.Release40|Any CPU.Build.0 = Release40|Any CPU
		{94DEECFE-4940-44C2-B189-1D095B434E64}.Release40|Mixed Platforms.ActiveCfg = Release40|Any CPU
		{94DEECFE-4940-44C2-B189-1D095B434E64}.Release40|Mixed Platforms.Build.0 = Release40|Any CPU
		{94DEECFE-4940-44C2-B189-1D095B434E64}.Release40|x86.ActiveCfg = Release40|Any CPU
		{94DEECFE-4940-44C2-B189-1D095B434E64}.Release45|Any CPU.ActiveCfg = Release45|Any CPU
		{94DEECFE-4940-44C2-B189-1D095B434E64}.Release45|Any CPU.Build.0 = Release45|Any CPU
		{94DEECFE-4940-44C2-B189-1D095B434E64}.Release45|Mixed Platforms.ActiveCfg = Release45|Any CPU
		{94DEECFE-4940-44C2-B189-1D095B434E64}.Release45|Mixed Platforms.Build.0 = Release45|Any CPU
		{94DEECFE-4940-44C2-B189-1D095B434E64}.Release45|x86.ActiveCfg = Release45|Any CPU
		{E58173E2-502B-431D-921D-38A08E318411}.Debug40|Any CPU.ActiveCfg = Debug40|Any CPU
		{E58173E2-502B-431D-921D-38A08E318411}.Debug40|Any CPU.Build.0 = Debug40|Any CPU
		{E58173E2-502B-431D-921D-38A08E318411}.Debug40|Mixed Platforms.ActiveCfg = Debug40|Any CPU
		{E58173E2-502B-431D-921D-38A08E318411}.Debug40|Mixed Platforms.Build.0 = Debug40|Any CPU
		{E58173E2-502B-431D-921D-38A08E318411}.Debug40|x86.ActiveCfg = Debug40|Any CPU
		{E58173E2-502B-431D-921D-38A08E318411}.Debug45|Any CPU.ActiveCfg = Debug45|Any CPU
		{E58173E2-502B-431D-921D-38A08E318411}.Debug45|Any CPU.Build.0 = Debug45|Any CPU
		{E58173E2-502B-431D-921D-38A08E318411}.Debug45|Mixed Platforms.ActiveCfg = Debug45|Any CPU
		{E58173E2-502B-431D-921D-38A08E318411}.Debug45|Mixed Platforms.Build.0 = Debug45|Any CPU
		{E58173E2-502B-431D-921D-38A08E318411}.Debug45|x86.ActiveCfg = Debug45|Any CPU
		{E58173E2-502B-431D-921D-38A08E318411}.Release40|Any CPU.ActiveCfg = Release40|Any CPU
		{E58173E2-502B-431D-921D-38A08E318411}.Release40|Any CPU.Build.0 = Release40|Any CPU
		{E58173E2-502B-431D-921D-38A08E318411}.Release40|Mixed Platforms.ActiveCfg = Release40|Any CPU
		{E58173E2-502B-431D-921D-38A08E318411}.Release40|Mixed Platforms.Build.0 = Release40|Any CPU
		{E58173E2-502B-431D-921D-38A08E318411}.Release40|x86.ActiveCfg = Release40|Any CPU
		{E58173E2-502B-431D-921D-38A08E318411}.Release45|Any CPU.ActiveCfg = Release45|Any CPU
		{E58173E2-502B-431D-921D-38A08E318411}.Release45|Any CPU.Build.0 = Release45|Any CPU
		{E58173E2-502B-431D-921D-38A08E318411}.Release45|Mixed Platforms.ActiveCfg = Release45|Any CPU
		{E58173E2-502B-431D-921D-38A08E318411}.Release45|Mixed Platforms.Build.0 = Release45|Any CPU
		{E58173E2-502B-431D-921D-38A08E318411}.Release45|x86.ActiveCfg = Release45|Any CPU
		{52C97062-0431-40DD-A14D-E5CC2BE89690}.Debug40|Any CPU.ActiveCfg = Debug40|Any CPU
		{52C97062-0431-40DD-A14D-E5CC2BE89690}.Debug40|Any CPU.Build.0 = Debug40|Any CPU
		{52C97062-0431-40DD-A14D-E5CC2BE89690}.Debug40|Mixed Platforms.ActiveCfg = Debug40|Any CPU
		{52C97062-0431-40DD-A14D-E5CC2BE89690}.Debug40|Mixed Platforms.Build.0 = Debug40|Any CPU
		{52C97062-0431-40DD-A14D-E5CC2BE89690}.Debug40|x86.ActiveCfg = Debug40|Any CPU
		{52C97062-0431-40DD-A14D-E5CC2BE89690}.Debug45|Any CPU.ActiveCfg = Debug45|Any CPU
		{52C97062-0431-40DD-A14D-E5CC2BE89690}.Debug45|Any CPU.Build.0 = Debug45|Any CPU
		{52C97062-0431-40DD-A14D-E5CC2BE89690}.Debug45|Mixed Platforms.ActiveCfg = Debug45|Any CPU
		{52C97062-0431-40DD-A14D-E5CC2BE89690}.Debug45|Mixed Platforms.Build.0 = Debug45|Any CPU
		{52C97062-0431-40DD-A14D-E5CC2BE89690}.Debug45|x86.ActiveCfg = Debug45|Any CPU
		{52C97062-0431-40DD-A14D-E5CC2BE89690}.Release40|Any CPU.ActiveCfg = Release40|Any CPU
		{52C97062-0431-40DD-A14D-E5CC2BE89690}.Release40|Any CPU.Build.0 = Release40|Any CPU
		{52C97062-0431-40DD-A14D-E5CC2BE89690}.Release40|Mixed Platforms.ActiveCfg = Release40|Any CPU
		{52C97062-0431-40DD-A14D-E5CC2BE89690}.Release40|Mixed Platforms.Build.0 = Release40|Any CPU
		{52C97062-0431-40DD-A14D-E5CC2BE89690}.Release40|x86.ActiveCfg = Release40|Any CPU
		{52C97062-0431-40DD-A14D-E5CC2BE89690}.Release45|Any CPU.ActiveCfg = Release45|Any CPU
		{52C97062-0431-40DD-A14D-E5CC2BE89690}.Release45|Any CPU.Build.0 = Release45|Any CPU
		{52C97062-0431-40DD-A14D-E5CC2BE89690}.Release45|Mixed Platforms.ActiveCfg = Release45|Any CPU
		{52C97062-0431-40DD-A14D-E5CC2BE89690}.Release45|Mixed Platforms.Build.0 = Release45|Any CPU
		{52C97062-0431-40DD-A14D-E5CC2BE89690}.Release45|x86.ActiveCfg = Release45|Any CPU
		{890A312F-3A5B-490A-804F-2443CE5605C2}.Debug40|Any CPU.ActiveCfg = Debug40|Any CPU
		{890A312F-3A5B-490A-804F-2443CE5605C2}.Debug40|Any CPU.Build.0 = Debug40|Any CPU
		{890A312F-3A5B-490A-804F-2443CE5605C2}.Debug40|Mixed Platforms.ActiveCfg = Debug40|Any CPU
		{890A312F-3A5B-490A-804F-2443CE5605C2}.Debug40|Mixed Platforms.Build.0 = Debug40|Any CPU
		{890A312F-3A5B-490A-804F-2443CE5605C2}.Debug40|x86.ActiveCfg = Debug40|Any CPU
		{890A312F-3A5B-490A-804F-2443CE5605C2}.Debug45|Any CPU.ActiveCfg = Debug45|Any CPU
		{890A312F-3A5B-490A-804F-2443CE5605C2}.Debug45|Any CPU.Build.0 = Debug45|Any CPU
		{890A312F-3A5B-490A-804F-2443CE5605C2}.Debug45|Mixed Platforms.ActiveCfg = Debug45|Any CPU
		{890A312F-3A5B-490A-804F-2443CE5605C2}.Debug45|Mixed Platforms.Build.0 = Debug45|Any CPU
		{890A312F-3A5B-490A-804F-2443CE5605C2}.Debug45|x86.ActiveCfg = Debug45|Any CPU
		{890A312F-3A5B-490A-804F-2443CE5605C2}.Release40|Any CPU.ActiveCfg = Release40|Any CPU
		{890A312F-3A5B-490A-804F-2443CE5605C2}.Release40|Any CPU.Build.0 = Release40|Any CPU
		{890A312F-3A5B-490A-804F-2443CE5605C2}.Release40|Mixed Platforms.ActiveCfg = Release40|Any CPU
		{890A312F-3A5B-490A-804F-2443CE5605C2}.Release40|Mixed Platforms.Build.0 = Release40|Any CPU
		{890A312F-3A5B-490A-804F-2443CE5605C2}.Release40|x86.ActiveCfg = Release40|Any CPU
		{890A312F-3A5B-490A-804F-2443CE5605C2}.Release45|Any CPU.ActiveCfg = Release45|Any CPU
		{890A312F-3A5B-490A-804F-2443CE5605C2}.Release45|Any CPU.Build.0 = Release45|Any CPU
		{890A312F-3A5B-490A-804F-2443CE5605C2}.Release45|Mixed Platforms.ActiveCfg = Release45|Any CPU
		{890A312F-3A5B-490A-804F-2443CE5605C2}.Release45|Mixed Platforms.Build.0 = Release45|Any CPU
		{890A312F-3A5B-490A-804F-2443CE5605C2}.Release45|x86.ActiveCfg = Release45|Any CPU
		{CB886120-D55F-48B0-822E-AB0951FCAC02}.Debug40|Any CPU.ActiveCfg = Debug40|Any CPU
		{CB886120-D55F-48B0-822E-AB0951FCAC02}.Debug40|Any CPU.Build.0 = Debug40|Any CPU
		{CB886120-D55F-48B0-822E-AB0951FCAC02}.Debug40|Mixed Platforms.ActiveCfg = Debug40|Any CPU
		{CB886120-D55F-48B0-822E-AB0951FCAC02}.Debug40|Mixed Platforms.Build.0 = Debug40|Any CPU
		{CB886120-D55F-48B0-822E-AB0951FCAC02}.Debug40|x86.ActiveCfg = Debug40|Any CPU
		{CB886120-D55F-48B0-822E-AB0951FCAC02}.Debug45|Any CPU.ActiveCfg = Debug45|Any CPU
		{CB886120-D55F-48B0-822E-AB0951FCAC02}.Debug45|Any CPU.Build.0 = Debug45|Any CPU
		{CB886120-D55F-48B0-822E-AB0951FCAC02}.Debug45|Mixed Platforms.ActiveCfg = Debug45|Any CPU
		{CB886120-D55F-48B0-822E-AB0951FCAC02}.Debug45|Mixed Platforms.Build.0 = Debug45|Any CPU
		{CB886120-D55F-48B0-822E-AB0951FCAC02}.Debug45|x86.ActiveCfg = Debug45|Any CPU
		{CB886120-D55F-48B0-822E-AB0951FCAC02}.Release40|Any CPU.ActiveCfg = Release40|Any CPU
		{CB886120-D55F-48B0-822E-AB0951FCAC02}.Release40|Any CPU.Build.0 = Release40|Any CPU
		{CB886120-D55F-48B0-822E-AB0951FCAC02}.Release40|Mixed Platforms.ActiveCfg = Release40|Any CPU
		{CB886120-D55F-48B0-822E-AB0951FCAC02}.Release40|Mixed Platforms.Build.0 = Release40|Any CPU
		{CB886120-D55F-48B0-822E-AB0951FCAC02}.Release40|x86.ActiveCfg = Release40|Any CPU
		{CB886120-D55F-48B0-822E-AB0951FCAC02}.Release45|Any CPU.ActiveCfg = Release45|Any CPU
		{CB886120-D55F-48B0-822E-AB0951FCAC02}.Release45|Any CPU.Build.0 = Release45|Any CPU
		{CB886120-D55F-48B0-822E-AB0951FCAC02}.Release45|Mixed Platforms.ActiveCfg = Release45|Any CPU
		{CB886120-D55F-48B0-822E-AB0951FCAC02}.Release45|Mixed Platforms.Build.0 = Release45|Any CPU
		{CB886120-D55F-48B0-822E-AB0951FCAC02}.Release45|x86.ActiveCfg = Release45|Any CPU
		{C5CC33B0-1684-4DD4-83A5-5DA4A9A25A7F}.Debug40|Any CPU.ActiveCfg = Debug40|Any CPU
		{C5CC33B0-1684-4DD4-83A5-5DA4A9A25A7F}.Debug40|Any CPU.Build.0 = Debug40|Any CPU
		{C5CC33B0-1684-4DD4-83A5-5DA4A9A25A7F}.Debug40|Mixed Platforms.ActiveCfg = Debug40|Any CPU
		{C5CC33B0-1684-4DD4-83A5-5DA4A9A25A7F}.Debug40|Mixed Platforms.Build.0 = Debug40|Any CPU
		{C5CC33B0-1684-4DD4-83A5-5DA4A9A25A7F}.Debug40|x86.ActiveCfg = Debug40|Any CPU
		{C5CC33B0-1684-4DD4-83A5-5DA4A9A25A7F}.Debug45|Any CPU.ActiveCfg = Debug45|Any CPU
		{C5CC33B0-1684-4DD4-83A5-5DA4A9A25A7F}.Debug45|Any CPU.Build.0 = Debug45|Any CPU
		{C5CC33B0-1684-4DD4-83A5-5DA4A9A25A7F}.Debug45|Mixed Platforms.ActiveCfg = Debug45|Any CPU
		{C5CC33B0-1684-4DD4-83A5-5DA4A9A25A7F}.Debug45|Mixed Platforms.Build.0 = Debug45|Any CPU
		{C5CC33B0-1684-4DD4-83A5-5DA4A9A25A7F}.Debug45|x86.ActiveCfg = Debug45|Any CPU
		{C5CC33B0-1684-4DD4-83A5-5DA4A9A25A7F}.Release40|Any CPU.ActiveCfg = Release40|Any CPU
		{C5CC33B0-1684-4DD4-83A5-5DA4A9A25A7F}.Release40|Any CPU.Build.0 = Release40|Any CPU
		{C5CC33B0-1684-4DD4-83A5-5DA4A9A25A7F}.Release40|Mixed Platforms.ActiveCfg = Release40|Any CPU
		{C5CC33B0-1684-4DD4-83A5-5DA4A9A25A7F}.Release40|Mixed Platforms.Build.0 = Release40|Any CPU
		{C5CC33B0-1684-4DD4-83A5-5DA4A9A25A7F}.Release40|x86.ActiveCfg = Release40|Any CPU
		{C5CC33B0-1684-4DD4-83A5-5DA4A9A25A7F}.Release45|Any CPU.ActiveCfg = Release45|Any CPU
		{C5CC33B0-1684-4DD4-83A5-5DA4A9A25A7F}.Release45|Any CPU.Build.0 = Release45|Any CPU
		{C5CC33B0-1684-4DD4-83A5-5DA4A9A25A7F}.Release45|Mixed Platforms.ActiveCfg = Release45|Any CPU
		{C5CC33B0-1684-4DD4-83A5-5DA4A9A25A7F}.Release45|Mixed Platforms.Build.0 = Release45|Any CPU
		{C5CC33B0-1684-4DD4-83A5-5DA4A9A25A7F}.Release45|x86.ActiveCfg = Release45|Any CPU
		{C4043ABB-EC40-4194-B15B-C0D13C2CF5C8}.Debug40|Any CPU.ActiveCfg = Debug40|Any CPU
		{C4043ABB-EC40-4194-B15B-C0D13C2CF5C8}.Debug40|Any CPU.Build.0 = Debug40|Any CPU
		{C4043ABB-EC40-4194-B15B-C0D13C2CF5C8}.Debug40|Mixed Platforms.ActiveCfg = Debug40|Any CPU
		{C4043ABB-EC40-4194-B15B-C0D13C2CF5C8}.Debug40|Mixed Platforms.Build.0 = Debug40|Any CPU
		{C4043ABB-EC40-4194-B15B-C0D13C2CF5C8}.Debug40|x86.ActiveCfg = Debug40|Any CPU
		{C4043ABB-EC40-4194-B15B-C0D13C2CF5C8}.Debug45|Any CPU.ActiveCfg = Debug45|Any CPU
		{C4043ABB-EC40-4194-B15B-C0D13C2CF5C8}.Debug45|Any CPU.Build.0 = Debug45|Any CPU
		{C4043ABB-EC40-4194-B15B-C0D13C2CF5C8}.Debug45|Mixed Platforms.ActiveCfg = Debug45|Any CPU
		{C4043ABB-EC40-4194-B15B-C0D13C2CF5C8}.Debug45|Mixed Platforms.Build.0 = Debug45|Any CPU
		{C4043ABB-EC40-4194-B15B-C0D13C2CF5C8}.Debug45|x86.ActiveCfg = Debug45|Any CPU
		{C4043ABB-EC40-4194-B15B-C0D13C2CF5C8}.Release40|Any CPU.ActiveCfg = Release40|Any CPU
		{C4043ABB-EC40-4194-B15B-C0D13C2CF5C8}.Release40|Any CPU.Build.0 = Release40|Any CPU
		{C4043ABB-EC40-4194-B15B-C0D13C2CF5C8}.Release40|Mixed Platforms.ActiveCfg = Release40|Any CPU
		{C4043ABB-EC40-4194-B15B-C0D13C2CF5C8}.Release40|Mixed Platforms.Build.0 = Release40|Any CPU
		{C4043ABB-EC40-4194-B15B-C0D13C2CF5C8}.Release40|x86.ActiveCfg = Release40|Any CPU
		{C4043ABB-EC40-4194-B15B-C0D13C2CF5C8}.Release45|Any CPU.ActiveCfg = Release45|Any CPU
		{C4043ABB-EC40-4194-B15B-C0D13C2CF5C8}.Release45|Any CPU.Build.0 = Release45|Any CPU
		{C4043ABB-EC40-4194-B15B-C0D13C2CF5C8}.Release45|Mixed Platforms.ActiveCfg = Release45|Any CPU
		{C4043ABB-EC40-4194-B15B-C0D13C2CF5C8}.Release45|Mixed Platforms.Build.0 = Release45|Any CPU
		{C4043ABB-EC40-4194-B15B-C0D13C2CF5C8}.Release45|x86.ActiveCfg = Release45|Any CPU
		{8892848F-45A1-46AC-A686-6A25EEC1475B}.Debug40|Any CPU.ActiveCfg = Debug40|Any CPU
		{8892848F-45A1-46AC-A686-6A25EEC1475B}.Debug40|Any CPU.Build.0 = Debug40|Any CPU
		{8892848F-45A1-46AC-A686-6A25EEC1475B}.Debug40|Mixed Platforms.ActiveCfg = Debug40|Any CPU
		{8892848F-45A1-46AC-A686-6A25EEC1475B}.Debug40|Mixed Platforms.Build.0 = Debug40|Any CPU
		{8892848F-45A1-46AC-A686-6A25EEC1475B}.Debug40|x86.ActiveCfg = Debug40|Any CPU
		{8892848F-45A1-46AC-A686-6A25EEC1475B}.Debug45|Any CPU.ActiveCfg = Debug45|Any CPU
		{8892848F-45A1-46AC-A686-6A25EEC1475B}.Debug45|Any CPU.Build.0 = Debug45|Any CPU
		{8892848F-45A1-46AC-A686-6A25EEC1475B}.Debug45|Mixed Platforms.ActiveCfg = Debug45|Any CPU
		{8892848F-45A1-46AC-A686-6A25EEC1475B}.Debug45|Mixed Platforms.Build.0 = Debug45|Any CPU
		{8892848F-45A1-46AC-A686-6A25EEC1475B}.Debug45|x86.ActiveCfg = Debug45|Any CPU
		{8892848F-45A1-46AC-A686-6A25EEC1475B}.Release40|Any CPU.ActiveCfg = Release40|Any CPU
		{8892848F-45A1-46AC-A686-6A25EEC1475B}.Release40|Any CPU.Build.0 = Release40|Any CPU
		{8892848F-45A1-46AC-A686-6A25EEC1475B}.Release40|Mixed Platforms.ActiveCfg = Release40|Any CPU
		{8892848F-45A1-46AC-A686-6A25EEC1475B}.Release40|Mixed Platforms.Build.0 = Release40|Any CPU
		{8892848F-45A1-46AC-A686-6A25EEC1475B}.Release40|x86.ActiveCfg = Release40|Any CPU
		{8892848F-45A1-46AC-A686-6A25EEC1475B}.Release45|Any CPU.ActiveCfg = Release45|Any CPU
		{8892848F-45A1-46AC-A686-6A25EEC1475B}.Release45|Any CPU.Build.0 = Release45|Any CPU
		{8892848F-45A1-46AC-A686-6A25EEC1475B}.Release45|Mixed Platforms.ActiveCfg = Release45|Any CPU
		{8892848F-45A1-46AC-A686-6A25EEC1475B}.Release45|Mixed Platforms.Build.0 = Release45|Any CPU
		{8892848F-45A1-46AC-A686-6A25EEC1475B}.Release45|x86.ActiveCfg = Release45|Any CPU
	EndGlobalSection
	GlobalSection(SolutionProperties) = preSolution
		HideSolutionNode = FALSE
	EndGlobalSection
	GlobalSection(NestedProjects) = preSolution
		{C5CC33B0-1684-4DD4-83A5-5DA4A9A25A7F} = {23AE54EF-60BA-4AB2-A167-3B6F7CE72D29}
		{8892848F-45A1-46AC-A686-6A25EEC1475B} = {23AE54EF-60BA-4AB2-A167-3B6F7CE72D29}
		{C4043ABB-EC40-4194-B15B-C0D13C2CF5C8} = {23AE54EF-60BA-4AB2-A167-3B6F7CE72D29}
	EndGlobalSection
EndGlobal
