
Microsoft Visual Studio Solution File, Format Version 12.00
# Visual Studio 2012
Project("{FAE04EC0-301F-11D3-BF4B-00C04F79EFBC}") = "EventLogRaw", "EvtxRaw\EventLogRaw.csproj", "{6C6D01A6-2A35-49D4-8D49-A3BDD15B587E}"
EndProject
Project("{2150E333-8FDC-42A3-9474-1A3956D46DE8}") = "2_StronglyTypedLayer", "2_StronglyTypedLayer", "{0FE87EAF-EA6C-4B45-BDAB-1B0752BA2ECA}"
EndProject
Project("{FAE04EC0-301F-11D3-BF4B-00C04F79EFBC}") = "Playback_All", "Playback_All\Playback_All.csproj", "{527D29B2-9AEC-40C8-93E9-1975FB22FCBE}"
EndProject
Project("{FAE04EC0-301F-11D3-BF4B-00C04F79EFBC}") = "EtwRaw", "EtwRaw\EtwRaw.csproj", "{94DEECFE-4940-44C2-B189-1D095B434E64}"
EndProject
Project("{FAE04EC0-301F-11D3-BF4B-00C04F79EFBC}") = "Playback_HTTP", "Playback_HTTP\Playback_HTTP.csproj", "{9D30BB5D-227A-4EC0-8331-5ECC8A3407E7}"
EndProject
Project("{FAE04EC0-301F-11D3-BF4B-00C04F79EFBC}") = "Playback_HTTP_VirtualTime", "Playback_HTTP_VirtualTime\Playback_HTTP_VirtualTime.csproj", "{2B16B3AC-446C-4A30-84F9-66111B53D5B5}"
EndProject
Project("{2150E333-8FDC-42A3-9474-1A3956D46DE8}") = "Solution Items", "Solution Items", "{3A94D900-6F63-4608-B1FD-0C154351E1D7}"
	ProjectSection(SolutionItems) = preProject
		SQLAzure\0102withTime.csv = SQLAzure\0102withTime.csv
		HTTP_Server.etl = HTTP_Server.etl
		HTTP_Server.evtx = HTTP_Server.evtx
		XEvents\PlaybackDemo.xel = XEvents\PlaybackDemo.xel
		SQLAzure\sorted.csv = SQLAzure\sorted.csv
		XEvents\SqlStatementEvents.sql = XEvents\SqlStatementEvents.sql
	EndProjectSection
EndProject
Project("{FAE04EC0-301F-11D3-BF4B-00C04F79EFBC}") = "XEventGenerator", "XEventGenerator\XEventGenerator.csproj", "{46612AEB-83AF-495B-85D9-D5BBE103A369}"
EndProject
Project("{FAE04EC0-301F-11D3-BF4B-00C04F79EFBC}") = "UlsLogs", "UlsLogs\UlsLogs.csproj", "{10D0E98E-641D-42B7-8EE0-7960266B742C}"
EndProject
Project("{FAE04EC0-301F-11D3-BF4B-00C04F79EFBC}") = "Tcp", "Tcp\Tcp.csproj", "{79051F21-0939-4437-9DEA-F1CA12498D3A}"
EndProject
Project("{FAE04EC0-301F-11D3-BF4B-00C04F79EFBC}") = "XEvents", "XEvents\XEvents.csproj", "{6C98B835-EA14-4940-9708-3F0431243568}"
EndProject
Project("{FAE04EC0-301F-11D3-BF4B-00C04F79EFBC}") = "Playback_All_VirtualTime", "Playback_All_VirtualTime\Playback_All_VirtualTime.csproj", "{4C29C56C-B26B-4024-B509-107515300613}"
EndProject
Project("{FAE04EC0-301F-11D3-BF4B-00C04F79EFBC}") = "EtwRaw_VirtualTime", "EtwRaw_VirtualTime\EtwRaw_VirtualTime.csproj", "{E58173E2-502B-431D-921D-38A08E318411}"
EndProject
Project("{FAE04EC0-301F-11D3-BF4B-00C04F79EFBC}") = "TypeOccurenceStatistics", "TypeOccurenceStatistics\TypeOccurenceStatistics.csproj", "{5B50016D-782C-4358-B95A-5970BF1750AE}"
EndProject
Project("{FAE04EC0-301F-11D3-BF4B-00C04F79EFBC}") = "EtwRaw_RealTime", "EtwRaw_RealTime\EtwRaw_RealTime.csproj", "{52C97062-0431-40DD-A14D-E5CC2BE89690}"
EndProject
Project("{2150E333-8FDC-42A3-9474-1A3956D46DE8}") = "1_EnvelopeTypesLayer", "1_EnvelopeTypesLayer", "{FA915479-C3D8-49AD-BF2A-BA40F35A5BD1}"
EndProject
Project("{2150E333-8FDC-42A3-9474-1A3956D46DE8}") = "3_Extensibility", "3_Extensibility", "{2BCBE48E-4082-4AAD-ACBC-0277FEBF87BF}"
EndProject
Project("{FAE04EC0-301F-11D3-BF4B-00C04F79EFBC}") = "XeObservable", "XeObservable\XeObservable.csproj", "{890A312F-3A5B-490A-804F-2443CE5605C2}"
EndProject
Project("{FAE04EC0-301F-11D3-BF4B-00C04F79EFBC}") = "Playback_RealTime", "Playback_RealTime\Playback_RealTime.csproj", "{4BF175AC-9EE6-4D37-92A7-D6A27D828CBF}"
EndProject
Project("{FAE04EC0-301F-11D3-BF4B-00C04F79EFBC}") = "EventLogRaw_RealTime", "EvtxRaw_RealTime\EventLogRaw_RealTime.csproj", "{CB886120-D55F-48B0-822E-AB0951FCAC02}"
EndProject
Project("{FAE04EC0-301F-11D3-BF4B-00C04F79EFBC}") = "Tx.Core", "..\..\Source\Tx.Core\Tx.Core.csproj", "{C5CC33B0-1684-4DD4-83A5-5DA4A9A25A7F}"
EndProject
Project("{FAE04EC0-301F-11D3-BF4B-00C04F79EFBC}") = "Tx.Windows", "..\..\Source\Tx.Windows\Tx.Windows.csproj", "{C4043ABB-EC40-4194-B15B-C0D13C2CF5C8}"
EndProject
Project("{FAE04EC0-301F-11D3-BF4B-00C04F79EFBC}") = "Tx.SqlServer", "..\..\Source\Tx.SqlServer\Tx.SqlServer.csproj", "{8892848F-45A1-46AC-A686-6A25EEC1475B}"
EndProject
Global
	GlobalSection(SolutionConfigurationPlatforms) = preSolution
		Debug40|Any CPU = Debug40|Any CPU
		Debug40|Mixed Platforms = Debug40|Mixed Platforms
		Debug40|x86 = Debug40|x86
		Debug45|Any CPU = Debug45|Any CPU
		Debug45|Mixed Platforms = Debug45|Mixed Platforms
		Debug45|x86 = Debug45|x86
		Release40|Any CPU = Release40|Any CPU
		Release40|Mixed Platforms = Release40|Mixed Platforms
		Release40|x86 = Release40|x86
		Release45|Any CPU = Release45|Any CPU
		Release45|Mixed Platforms = Release45|Mixed Platforms
		Release45|x86 = Release45|x86
	EndGlobalSection
	GlobalSection(ProjectConfigurationPlatforms) = postSolution
		{6C6D01A6-2A35-49D4-8D49-A3BDD15B587E}.Debug40|Any CPU.ActiveCfg = Debug40|Any CPU
		{6C6D01A6-2A35-49D4-8D49-A3BDD15B587E}.Debug40|Any CPU.Build.0 = Debug40|Any CPU
		{6C6D01A6-2A35-49D4-8D49-A3BDD15B587E}.Debug40|Mixed Platforms.ActiveCfg = Debug40|Any CPU
		{6C6D01A6-2A35-49D4-8D49-A3BDD15B587E}.Debug40|Mixed Platforms.Build.0 = Debug40|Any CPU
		{6C6D01A6-2A35-49D4-8D49-A3BDD15B587E}.Debug40|x86.ActiveCfg = Debug40|Any CPU
		{6C6D01A6-2A35-49D4-8D49-A3BDD15B587E}.Debug45|Any CPU.ActiveCfg = Debug45|Any CPU
		{6C6D01A6-2A35-49D4-8D49-A3BDD15B587E}.Debug45|Any CPU.Build.0 = Debug45|Any CPU
		{6C6D01A6-2A35-49D4-8D49-A3BDD15B587E}.Debug45|Mixed Platforms.ActiveCfg = Debug45|Any CPU
		{6C6D01A6-2A35-49D4-8D49-A3BDD15B587E}.Debug45|Mixed Platforms.Build.0 = Debug45|Any CPU
		{6C6D01A6-2A35-49D4-8D49-A3BDD15B587E}.Debug45|x86.ActiveCfg = Debug45|Any CPU
		{6C6D01A6-2A35-49D4-8D49-A3BDD15B587E}.Release40|Any CPU.ActiveCfg = Release40|Any CPU
		{6C6D01A6-2A35-49D4-8D49-A3BDD15B587E}.Release40|Any CPU.Build.0 = Release40|Any CPU
		{6C6D01A6-2A35-49D4-8D49-A3BDD15B587E}.Release40|Mixed Platforms.ActiveCfg = Release40|Any CPU
		{6C6D01A6-2A35-49D4-8D49-A3BDD15B587E}.Release40|Mixed Platforms.Build.0 = Release40|Any CPU
		{6C6D01A6-2A35-49D4-8D49-A3BDD15B587E}.Release40|x86.ActiveCfg = Release40|Any CPU
		{6C6D01A6-2A35-49D4-8D49-A3BDD15B587E}.Release45|Any CPU.ActiveCfg = Release45|Any CPU
		{6C6D01A6-2A35-49D4-8D49-A3BDD15B587E}.Release45|Any CPU.Build.0 = Release45|Any CPU
		{6C6D01A6-2A35-49D4-8D49-A3BDD15B587E}.Release45|Mixed Platforms.ActiveCfg = Release45|Any CPU
		{6C6D01A6-2A35-49D4-8D49-A3BDD15B587E}.Release45|Mixed Platforms.Build.0 = Release45|Any CPU
		{6C6D01A6-2A35-49D4-8D49-A3BDD15B587E}.Release45|x86.ActiveCfg = Release45|Any CPU
		{527D29B2-9AEC-40C8-93E9-1975FB22FCBE}.Debug40|Any CPU.ActiveCfg = Debug40|Any CPU
		{527D29B2-9AEC-40C8-93E9-1975FB22FCBE}.Debug40|Any CPU.Build.0 = Debug40|Any CPU
		{527D29B2-9AEC-40C8-93E9-1975FB22FCBE}.Debug40|Mixed Platforms.ActiveCfg = Debug40|Any CPU
		{527D29B2-9AEC-40C8-93E9-1975FB22FCBE}.Debug40|Mixed Platforms.Build.0 = Debug40|Any CPU
		{527D29B2-9AEC-40C8-93E9-1975FB22FCBE}.Debug40|x86.ActiveCfg = Debug40|Any CPU
		{527D29B2-9AEC-40C8-93E9-1975FB22FCBE}.Debug45|Any CPU.ActiveCfg = Debug45|Any CPU
		{527D29B2-9AEC-40C8-93E9-1975FB22FCBE}.Debug45|Any CPU.Build.0 = Debug45|Any CPU
		{527D29B2-9AEC-40C8-93E9-1975FB22FCBE}.Debug45|Mixed Platforms.ActiveCfg = Debug45|Any CPU
		{527D29B2-9AEC-40C8-93E9-1975FB22FCBE}.Debug45|Mixed Platforms.Build.0 = Debug45|Any CPU
		{527D29B2-9AEC-40C8-93E9-1975FB22FCBE}.Debug45|x86.ActiveCfg = Debug45|Any CPU
		{527D29B2-9AEC-40C8-93E9-1975FB22FCBE}.Release40|Any CPU.ActiveCfg = Release40|Any CPU
		{527D29B2-9AEC-40C8-93E9-1975FB22FCBE}.Release40|Any CPU.Build.0 = Release40|Any CPU
		{527D29B2-9AEC-40C8-93E9-1975FB22FCBE}.Release40|Mixed Platforms.ActiveCfg = Release40|Any CPU
		{527D29B2-9AEC-40C8-93E9-1975FB22FCBE}.Release40|Mixed Platforms.Build.0 = Release40|Any CPU
		{527D29B2-9AEC-40C8-93E9-1975FB22FCBE}.Release40|x86.ActiveCfg = Release40|Any CPU
		{527D29B2-9AEC-40C8-93E9-1975FB22FCBE}.Release45|Any CPU.ActiveCfg = Release45|Any CPU
		{527D29B2-9AEC-40C8-93E9-1975FB22FCBE}.Release45|Any CPU.Build.0 = Release45|Any CPU
		{527D29B2-9AEC-40C8-93E9-1975FB22FCBE}.Release45|Mixed Platforms.ActiveCfg = Release45|Any CPU
		{527D29B2-9AEC-40C8-93E9-1975FB22FCBE}.Release45|Mixed Platforms.Build.0 = Release45|Any CPU
		{527D29B2-9AEC-40C8-93E9-1975FB22FCBE}.Release45|x86.ActiveCfg = Release45|Any CPU
		{94DEECFE-4940-44C2-B189-1D095B434E64}.Debug40|Any CPU.ActiveCfg = Debug40|Any CPU
		{94DEECFE-4940-44C2-B189-1D095B434E64}.Debug40|Any CPU.Build.0 = Debug40|Any CPU
		{94DEECFE-4940-44C2-B189-1D095B434E64}.Debug40|Mixed Platforms.ActiveCfg = Debug40|Any CPU
		{94DEECFE-4940-44C2-B189-1D095B434E64}.Debug40|Mixed Platforms.Build.0 = Debug40|Any CPU
		{94DEECFE-4940-44C2-B189-1D095B434E64}.Debug40|x86.ActiveCfg = Debug40|Any CPU
		{94DEECFE-4940-44C2-B189-1D095B434E64}.Debug45|Any CPU.ActiveCfg = Debug45|Any CPU
		{94DEECFE-4940-44C2-B189-1D095B434E64}.Debug45|Any CPU.Build.0 = Debug45|Any CPU
		{94DEECFE-4940-44C2-B189-1D095B434E64}.Debug45|Mixed Platforms.ActiveCfg = Debug45|Any CPU
		{94DEECFE-4940-44C2-B189-1D095B434E64}.Debug45|Mixed Platforms.Build.0 = Debug45|Any CPU
		{94DEECFE-4940-44C2-B189-1D095B434E64}.Debug45|x86.ActiveCfg = Debug45|Any CPU
		{94DEECFE-4940-44C2-B189-1D095B434E64}.Release40|Any CPU.ActiveCfg = Release40|Any CPU
		{94DEECFE-4940-44C2-B189-1D095B434E64}.Release40|Any CPU.Build.0 = Release40|Any CPU
		{94DEECFE-4940-44C2-B189-1D095B434E64}.Release40|Mixed Platforms.ActiveCfg = Release40|Any CPU
		{94DEECFE-4940-44C2-B189-1D095B434E64}.Release40|Mixed Platforms.Build.0 = Release40|Any CPU
		{94DEECFE-4940-44C2-B189-1D095B434E64}.Release40|x86.ActiveCfg = Release40|Any CPU
		{94DEECFE-4940-44C2-B189-1D095B434E64}.Release45|Any CPU.ActiveCfg = Release45|Any CPU
		{94DEECFE-4940-44C2-B189-1D095B434E64}.Release45|Any CPU.Build.0 = Release45|Any CPU
		{94DEECFE-4940-44C2-B189-1D095B434E64}.Release45|Mixed Platforms.ActiveCfg = Release45|Any CPU
		{94DEECFE-4940-44C2-B189-1D095B434E64}.Release45|Mixed Platforms.Build.0 = Release45|Any CPU
		{94DEECFE-4940-44C2-B189-1D095B434E64}.Release45|x86.ActiveCfg = Release45|Any CPU
		{9D30BB5D-227A-4EC0-8331-5ECC8A3407E7}.Debug40|Any CPU.ActiveCfg = Debug40|Any CPU
		{9D30BB5D-227A-4EC0-8331-5ECC8A3407E7}.Debug40|Any CPU.Build.0 = Debug40|Any CPU
		{9D30BB5D-227A-4EC0-8331-5ECC8A3407E7}.Debug40|Mixed Platforms.ActiveCfg = Debug40|Any CPU
		{9D30BB5D-227A-4EC0-8331-5ECC8A3407E7}.Debug40|Mixed Platforms.Build.0 = Debug40|Any CPU
		{9D30BB5D-227A-4EC0-8331-5ECC8A3407E7}.Debug40|x86.ActiveCfg = Debug40|Any CPU
		{9D30BB5D-227A-4EC0-8331-5ECC8A3407E7}.Debug45|Any CPU.ActiveCfg = Debug45|Any CPU
		{9D30BB5D-227A-4EC0-8331-5ECC8A3407E7}.Debug45|Any CPU.Build.0 = Debug45|Any CPU
		{9D30BB5D-227A-4EC0-8331-5ECC8A3407E7}.Debug45|Mixed Platforms.ActiveCfg = Debug45|Any CPU
		{9D30BB5D-227A-4EC0-8331-5ECC8A3407E7}.Debug45|Mixed Platforms.Build.0 = Debug45|Any CPU
		{9D30BB5D-227A-4EC0-8331-5ECC8A3407E7}.Debug45|x86.ActiveCfg = Debug45|Any CPU
		{9D30BB5D-227A-4EC0-8331-5ECC8A3407E7}.Release40|Any CPU.ActiveCfg = Release40|Any CPU
		{9D30BB5D-227A-4EC0-8331-5ECC8A3407E7}.Release40|Any CPU.Build.0 = Release40|Any CPU
		{9D30BB5D-227A-4EC0-8331-5ECC8A3407E7}.Release40|Mixed Platforms.ActiveCfg = Release40|Any CPU
		{9D30BB5D-227A-4EC0-8331-5ECC8A3407E7}.Release40|Mixed Platforms.Build.0 = Release40|Any CPU
		{9D30BB5D-227A-4EC0-8331-5ECC8A3407E7}.Release40|x86.ActiveCfg = Release40|Any CPU
		{9D30BB5D-227A-4EC0-8331-5ECC8A3407E7}.Release45|Any CPU.ActiveCfg = Release45|Any CPU
		{9D30BB5D-227A-4EC0-8331-5ECC8A3407E7}.Release45|Any CPU.Build.0 = Release45|Any CPU
		{9D30BB5D-227A-4EC0-8331-5ECC8A3407E7}.Release45|Mixed Platforms.ActiveCfg = Release45|Any CPU
		{9D30BB5D-227A-4EC0-8331-5ECC8A3407E7}.Release45|Mixed Platforms.Build.0 = Release45|Any CPU
		{9D30BB5D-227A-4EC0-8331-5ECC8A3407E7}.Release45|x86.ActiveCfg = Release45|Any CPU
		{2B16B3AC-446C-4A30-84F9-66111B53D5B5}.Debug40|Any CPU.ActiveCfg = Debug40|Any CPU
		{2B16B3AC-446C-4A30-84F9-66111B53D5B5}.Debug40|Any CPU.Build.0 = Debug40|Any CPU
		{2B16B3AC-446C-4A30-84F9-66111B53D5B5}.Debug40|Mixed Platforms.ActiveCfg = Debug40|Any CPU
		{2B16B3AC-446C-4A30-84F9-66111B53D5B5}.Debug40|Mixed Platforms.Build.0 = Debug40|Any CPU
		{2B16B3AC-446C-4A30-84F9-66111B53D5B5}.Debug40|x86.ActiveCfg = Debug40|Any CPU
		{2B16B3AC-446C-4A30-84F9-66111B53D5B5}.Debug45|Any CPU.ActiveCfg = Debug45|Any CPU
		{2B16B3AC-446C-4A30-84F9-66111B53D5B5}.Debug45|Any CPU.Build.0 = Debug45|Any CPU
		{2B16B3AC-446C-4A30-84F9-66111B53D5B5}.Debug45|Mixed Platforms.ActiveCfg = Debug45|Any CPU
		{2B16B3AC-446C-4A30-84F9-66111B53D5B5}.Debug45|Mixed Platforms.Build.0 = Debug45|Any CPU
		{2B16B3AC-446C-4A30-84F9-66111B53D5B5}.Debug45|x86.ActiveCfg = Debug45|Any CPU
		{2B16B3AC-446C-4A30-84F9-66111B53D5B5}.Release40|Any CPU.ActiveCfg = Release40|Any CPU
		{2B16B3AC-446C-4A30-84F9-66111B53D5B5}.Release40|Any CPU.Build.0 = Release40|Any CPU
		{2B16B3AC-446C-4A30-84F9-66111B53D5B5}.Release40|Mixed Platforms.ActiveCfg = Release40|Any CPU
		{2B16B3AC-446C-4A30-84F9-66111B53D5B5}.Release40|Mixed Platforms.Build.0 = Release40|Any CPU
		{2B16B3AC-446C-4A30-84F9-66111B53D5B5}.Release40|x86.ActiveCfg = Release40|Any CPU
		{2B16B3AC-446C-4A30-84F9-66111B53D5B5}.Release45|Any CPU.ActiveCfg = Release45|Any CPU
		{2B16B3AC-446C-4A30-84F9-66111B53D5B5}.Release45|Any CPU.Build.0 = Release45|Any CPU
		{2B16B3AC-446C-4A30-84F9-66111B53D5B5}.Release45|Mixed Platforms.ActiveCfg = Release45|Any CPU
		{2B16B3AC-446C-4A30-84F9-66111B53D5B5}.Release45|Mixed Platforms.Build.0 = Release45|Any CPU
		{2B16B3AC-446C-4A30-84F9-66111B53D5B5}.Release45|x86.ActiveCfg = Release45|Any CPU
		{46612AEB-83AF-495B-85D9-D5BBE103A369}.Debug40|Any CPU.ActiveCfg = Debug40|Any CPU
		{46612AEB-83AF-495B-85D9-D5BBE103A369}.Debug40|Any CPU.Build.0 = Debug40|Any CPU
		{46612AEB-83AF-495B-85D9-D5BBE103A369}.Debug40|Mixed Platforms.ActiveCfg = Debug40|Any CPU
		{46612AEB-83AF-495B-85D9-D5BBE103A369}.Debug40|Mixed Platforms.Build.0 = Debug40|Any CPU
		{46612AEB-83AF-495B-85D9-D5BBE103A369}.Debug40|x86.ActiveCfg = Debug40|Any CPU
		{46612AEB-83AF-495B-85D9-D5BBE103A369}.Debug45|Any CPU.ActiveCfg = Debug45|Any CPU
		{46612AEB-83AF-495B-85D9-D5BBE103A369}.Debug45|Any CPU.Build.0 = Debug45|Any CPU
		{46612AEB-83AF-495B-85D9-D5BBE103A369}.Debug45|Mixed Platforms.ActiveCfg = Debug45|Any CPU
		{46612AEB-83AF-495B-85D9-D5BBE103A369}.Debug45|Mixed Platforms.Build.0 = Debug45|Any CPU
		{46612AEB-83AF-495B-85D9-D5BBE103A369}.Debug45|x86.ActiveCfg = Debug45|Any CPU
		{46612AEB-83AF-495B-85D9-D5BBE103A369}.Release40|Any CPU.ActiveCfg = Release40|Any CPU
		{46612AEB-83AF-495B-85D9-D5BBE103A369}.Release40|Any CPU.Build.0 = Release40|Any CPU
		{46612AEB-83AF-495B-85D9-D5BBE103A369}.Release40|Mixed Platforms.ActiveCfg = Release40|Any CPU
		{46612AEB-83AF-495B-85D9-D5BBE103A369}.Release40|Mixed Platforms.Build.0 = Release40|Any CPU
		{46612AEB-83AF-495B-85D9-D5BBE103A369}.Release40|x86.ActiveCfg = Release40|Any CPU
		{46612AEB-83AF-495B-85D9-D5BBE103A369}.Release45|Any CPU.ActiveCfg = Release45|Any CPU
		{46612AEB-83AF-495B-85D9-D5BBE103A369}.Release45|Any CPU.Build.0 = Release45|Any CPU
		{46612AEB-83AF-495B-85D9-D5BBE103A369}.Release45|Mixed Platforms.ActiveCfg = Release45|Any CPU
		{46612AEB-83AF-495B-85D9-D5BBE103A369}.Release45|Mixed Platforms.Build.0 = Release45|Any CPU
		{46612AEB-83AF-495B-85D9-D5BBE103A369}.Release45|x86.ActiveCfg = Release45|Any CPU
		{10D0E98E-641D-42B7-8EE0-7960266B742C}.Debug40|Any CPU.ActiveCfg = Debug40|Any CPU
		{10D0E98E-641D-42B7-8EE0-7960266B742C}.Debug40|Any CPU.Build.0 = Debug40|Any CPU
		{10D0E98E-641D-42B7-8EE0-7960266B742C}.Debug40|Mixed Platforms.ActiveCfg = Debug40|Any CPU
		{10D0E98E-641D-42B7-8EE0-7960266B742C}.Debug40|Mixed Platforms.Build.0 = Debug40|Any CPU
		{10D0E98E-641D-42B7-8EE0-7960266B742C}.Debug40|x86.ActiveCfg = Debug40|Any CPU
		{10D0E98E-641D-42B7-8EE0-7960266B742C}.Debug45|Any CPU.ActiveCfg = Debug45|Any CPU
		{10D0E98E-641D-42B7-8EE0-7960266B742C}.Debug45|Any CPU.Build.0 = Debug45|Any CPU
		{10D0E98E-641D-42B7-8EE0-7960266B742C}.Debug45|Mixed Platforms.ActiveCfg = Debug45|Any CPU
		{10D0E98E-641D-42B7-8EE0-7960266B742C}.Debug45|Mixed Platforms.Build.0 = Debug45|Any CPU
		{10D0E98E-641D-42B7-8EE0-7960266B742C}.Debug45|x86.ActiveCfg = Debug45|Any CPU
		{10D0E98E-641D-42B7-8EE0-7960266B742C}.Release40|Any CPU.ActiveCfg = Release40|Any CPU
		{10D0E98E-641D-42B7-8EE0-7960266B742C}.Release40|Any CPU.Build.0 = Release40|Any CPU
		{10D0E98E-641D-42B7-8EE0-7960266B742C}.Release40|Mixed Platforms.ActiveCfg = Release40|Any CPU
		{10D0E98E-641D-42B7-8EE0-7960266B742C}.Release40|Mixed Platforms.Build.0 = Release40|Any CPU
		{10D0E98E-641D-42B7-8EE0-7960266B742C}.Release40|x86.ActiveCfg = Release40|Any CPU
		{10D0E98E-641D-42B7-8EE0-7960266B742C}.Release45|Any CPU.ActiveCfg = Release45|Any CPU
		{10D0E98E-641D-42B7-8EE0-7960266B742C}.Release45|Any CPU.Build.0 = Release45|Any CPU
		{10D0E98E-641D-42B7-8EE0-7960266B742C}.Release45|Mixed Platforms.ActiveCfg = Release45|Any CPU
		{10D0E98E-641D-42B7-8EE0-7960266B742C}.Release45|Mixed Platforms.Build.0 = Release45|Any CPU
		{10D0E98E-641D-42B7-8EE0-7960266B742C}.Release45|x86.ActiveCfg = Release45|Any CPU
		{79051F21-0939-4437-9DEA-F1CA12498D3A}.Debug40|Any CPU.ActiveCfg = Debug40|Any CPU
		{79051F21-0939-4437-9DEA-F1CA12498D3A}.Debug40|Any CPU.Build.0 = Debug40|Any CPU
		{79051F21-0939-4437-9DEA-F1CA12498D3A}.Debug40|Mixed Platforms.ActiveCfg = Debug40|Any CPU
		{79051F21-0939-4437-9DEA-F1CA12498D3A}.Debug40|Mixed Platforms.Build.0 = Debug40|Any CPU
		{79051F21-0939-4437-9DEA-F1CA12498D3A}.Debug40|x86.ActiveCfg = Debug40|Any CPU
		{79051F21-0939-4437-9DEA-F1CA12498D3A}.Debug45|Any CPU.ActiveCfg = Debug45|Any CPU
		{79051F21-0939-4437-9DEA-F1CA12498D3A}.Debug45|Any CPU.Build.0 = Debug45|Any CPU
		{79051F21-0939-4437-9DEA-F1CA12498D3A}.Debug45|Mixed Platforms.ActiveCfg = Debug45|Any CPU
		{79051F21-0939-4437-9DEA-F1CA12498D3A}.Debug45|Mixed Platforms.Build.0 = Debug45|Any CPU
		{79051F21-0939-4437-9DEA-F1CA12498D3A}.Debug45|x86.ActiveCfg = Debug45|Any CPU
		{79051F21-0939-4437-9DEA-F1CA12498D3A}.Release40|Any CPU.ActiveCfg = Release40|Any CPU
		{79051F21-0939-4437-9DEA-F1CA12498D3A}.Release40|Any CPU.Build.0 = Release40|Any CPU
		{79051F21-0939-4437-9DEA-F1CA12498D3A}.Release40|Mixed Platforms.ActiveCfg = Release40|Any CPU
		{79051F21-0939-4437-9DEA-F1CA12498D3A}.Release40|Mixed Platforms.Build.0 = Release40|Any CPU
		{79051F21-0939-4437-9DEA-F1CA12498D3A}.Release40|x86.ActiveCfg = Release40|Any CPU
		{79051F21-0939-4437-9DEA-F1CA12498D3A}.Release45|Any CPU.ActiveCfg = Release45|Any CPU
		{79051F21-0939-4437-9DEA-F1CA12498D3A}.Release45|Any CPU.Build.0 = Release45|Any CPU
		{79051F21-0939-4437-9DEA-F1CA12498D3A}.Release45|Mixed Platforms.ActiveCfg = Release45|Any CPU
		{79051F21-0939-4437-9DEA-F1CA12498D3A}.Release45|Mixed Platforms.Build.0 = Release45|Any CPU
		{79051F21-0939-4437-9DEA-F1CA12498D3A}.Release45|x86.ActiveCfg = Release45|Any CPU
		{6C98B835-EA14-4940-9708-3F0431243568}.Debug40|Any CPU.ActiveCfg = Debug40|Any CPU
		{6C98B835-EA14-4940-9708-3F0431243568}.Debug40|Any CPU.Build.0 = Debug40|Any CPU
		{6C98B835-EA14-4940-9708-3F0431243568}.Debug40|Mixed Platforms.ActiveCfg = Debug40|Any CPU
		{6C98B835-EA14-4940-9708-3F0431243568}.Debug40|Mixed Platforms.Build.0 = Debug40|Any CPU
		{6C98B835-EA14-4940-9708-3F0431243568}.Debug40|x86.ActiveCfg = Debug40|Any CPU
		{6C98B835-EA14-4940-9708-3F0431243568}.Debug45|Any CPU.ActiveCfg = Debug45|Any CPU
		{6C98B835-EA14-4940-9708-3F0431243568}.Debug45|Any CPU.Build.0 = Debug45|Any CPU
		{6C98B835-EA14-4940-9708-3F0431243568}.Debug45|Mixed Platforms.ActiveCfg = Debug45|Any CPU
		{6C98B835-EA14-4940-9708-3F0431243568}.Debug45|Mixed Platforms.Build.0 = Debug45|Any CPU
		{6C98B835-EA14-4940-9708-3F0431243568}.Debug45|x86.ActiveCfg = Debug45|Any CPU
		{6C98B835-EA14-4940-9708-3F0431243568}.Release40|Any CPU.ActiveCfg = Release40|Any CPU
		{6C98B835-EA14-4940-9708-3F0431243568}.Release40|Any CPU.Build.0 = Release40|Any CPU
		{6C98B835-EA14-4940-9708-3F0431243568}.Release40|Mixed Platforms.ActiveCfg = Release40|Any CPU
		{6C98B835-EA14-4940-9708-3F0431243568}.Release40|Mixed Platforms.Build.0 = Release40|Any CPU
		{6C98B835-EA14-4940-9708-3F0431243568}.Release40|x86.ActiveCfg = Release40|Any CPU
		{6C98B835-EA14-4940-9708-3F0431243568}.Release45|Any CPU.ActiveCfg = Release45|Any CPU
		{6C98B835-EA14-4940-9708-3F0431243568}.Release45|Any CPU.Build.0 = Release45|Any CPU
		{6C98B835-EA14-4940-9708-3F0431243568}.Release45|Mixed Platforms.ActiveCfg = Release45|Any CPU
		{6C98B835-EA14-4940-9708-3F0431243568}.Release45|Mixed Platforms.Build.0 = Release45|Any CPU
		{6C98B835-EA14-4940-9708-3F0431243568}.Release45|x86.ActiveCfg = Release45|Any CPU
		{4C29C56C-B26B-4024-B509-107515300613}.Debug40|Any CPU.ActiveCfg = Debug40|Any CPU
		{4C29C56C-B26B-4024-B509-107515300613}.Debug40|Any CPU.Build.0 = Debug40|Any CPU
		{4C29C56C-B26B-4024-B509-107515300613}.Debug40|Mixed Platforms.ActiveCfg = Debug40|Any CPU
		{4C29C56C-B26B-4024-B509-107515300613}.Debug40|Mixed Platforms.Build.0 = Debug40|Any CPU
		{4C29C56C-B26B-4024-B509-107515300613}.Debug40|x86.ActiveCfg = Debug40|Any CPU
		{4C29C56C-B26B-4024-B509-107515300613}.Debug45|Any CPU.ActiveCfg = Debug45|Any CPU
		{4C29C56C-B26B-4024-B509-107515300613}.Debug45|Any CPU.Build.0 = Debug45|Any CPU
		{4C29C56C-B26B-4024-B509-107515300613}.Debug45|Mixed Platforms.ActiveCfg = Debug45|Any CPU
		{4C29C56C-B26B-4024-B509-107515300613}.Debug45|Mixed Platforms.Build.0 = Debug45|Any CPU
		{4C29C56C-B26B-4024-B509-107515300613}.Debug45|x86.ActiveCfg = Debug45|Any CPU
		{4C29C56C-B26B-4024-B509-107515300613}.Release40|Any CPU.ActiveCfg = Release40|Any CPU
		{4C29C56C-B26B-4024-B509-107515300613}.Release40|Any CPU.Build.0 = Release40|Any CPU
		{4C29C56C-B26B-4024-B509-107515300613}.Release40|Mixed Platforms.ActiveCfg = Release40|Any CPU
		{4C29C56C-B26B-4024-B509-107515300613}.Release40|Mixed Platforms.Build.0 = Release40|Any CPU
		{4C29C56C-B26B-4024-B509-107515300613}.Release40|x86.ActiveCfg = Release40|Any CPU
		{4C29C56C-B26B-4024-B509-107515300613}.Release45|Any CPU.ActiveCfg = Release45|Any CPU
		{4C29C56C-B26B-4024-B509-107515300613}.Release45|Any CPU.Build.0 = Release45|Any CPU
		{4C29C56C-B26B-4024-B509-107515300613}.Release45|Mixed Platforms.ActiveCfg = Release45|Any CPU
		{4C29C56C-B26B-4024-B509-107515300613}.Release45|Mixed Platforms.Build.0 = Release45|Any CPU
		{4C29C56C-B26B-4024-B509-107515300613}.Release45|x86.ActiveCfg = Release45|Any CPU
		{E58173E2-502B-431D-921D-38A08E318411}.Debug40|Any CPU.ActiveCfg = Debug40|Any CPU
		{E58173E2-502B-431D-921D-38A08E318411}.Debug40|Any CPU.Build.0 = Debug40|Any CPU
		{E58173E2-502B-431D-921D-38A08E318411}.Debug40|Mixed Platforms.ActiveCfg = Debug40|Any CPU
		{E58173E2-502B-431D-921D-38A08E318411}.Debug40|Mixed Platforms.Build.0 = Debug40|Any CPU
		{E58173E2-502B-431D-921D-38A08E318411}.Debug40|x86.ActiveCfg = Debug40|Any CPU
		{E58173E2-502B-431D-921D-38A08E318411}.Debug45|Any CPU.ActiveCfg = Debug45|Any CPU
		{E58173E2-502B-431D-921D-38A08E318411}.Debug45|Any CPU.Build.0 = Debug45|Any CPU
		{E58173E2-502B-431D-921D-38A08E318411}.Debug45|Mixed Platforms.ActiveCfg = Debug45|Any CPU
		{E58173E2-502B-431D-921D-38A08E318411}.Debug45|Mixed Platforms.Build.0 = Debug45|Any CPU
		{E58173E2-502B-431D-921D-38A08E318411}.Debug45|x86.ActiveCfg = Debug45|Any CPU
		{E58173E2-502B-431D-921D-38A08E318411}.Release40|Any CPU.ActiveCfg = Release40|Any CPU
		{E58173E2-502B-431D-921D-38A08E318411}.Release40|Any CPU.Build.0 = Release40|Any CPU
		{E58173E2-502B-431D-921D-38A08E318411}.Release40|Mixed Platforms.ActiveCfg = Release40|Any CPU
		{E58173E2-502B-431D-921D-38A08E318411}.Release40|Mixed Platforms.Build.0 = Release40|Any CPU
		{E58173E2-502B-431D-921D-38A08E318411}.Release40|x86.ActiveCfg = Release40|Any CPU
		{E58173E2-502B-431D-921D-38A08E318411}.Release45|Any CPU.ActiveCfg = Release45|Any CPU
		{E58173E2-502B-431D-921D-38A08E318411}.Release45|Any CPU.Build.0 = Release45|Any CPU
		{E58173E2-502B-431D-921D-38A08E318411}.Release45|Mixed Platforms.ActiveCfg = Release45|Any CPU
		{E58173E2-502B-431D-921D-38A08E318411}.Release45|Mixed Platforms.Build.0 = Release45|Any CPU
		{E58173E2-502B-431D-921D-38A08E318411}.Release45|x86.ActiveCfg = Release45|Any CPU
		{5B50016D-782C-4358-B95A-5970BF1750AE}.Debug40|Any CPU.ActiveCfg = Debug40|Any CPU
		{5B50016D-782C-4358-B95A-5970BF1750AE}.Debug40|Any CPU.Build.0 = Debug40|Any CPU
		{5B50016D-782C-4358-B95A-5970BF1750AE}.Debug40|Mixed Platforms.ActiveCfg = Debug40|Any CPU
		{5B50016D-782C-4358-B95A-5970BF1750AE}.Debug40|Mixed Platforms.Build.0 = Debug40|Any CPU
		{5B50016D-782C-4358-B95A-5970BF1750AE}.Debug40|x86.ActiveCfg = Debug40|Any CPU
		{5B50016D-782C-4358-B95A-5970BF1750AE}.Debug45|Any CPU.ActiveCfg = Debug45|Any CPU
		{5B50016D-782C-4358-B95A-5970BF1750AE}.Debug45|Any CPU.Build.0 = Debug45|Any CPU
		{5B50016D-782C-4358-B95A-5970BF1750AE}.Debug45|Mixed Platforms.ActiveCfg = Debug45|Any CPU
		{5B50016D-782C-4358-B95A-5970BF1750AE}.Debug45|Mixed Platforms.Build.0 = Debug45|Any CPU
		{5B50016D-782C-4358-B95A-5970BF1750AE}.Debug45|x86.ActiveCfg = Debug45|Any CPU
		{5B50016D-782C-4358-B95A-5970BF1750AE}.Release40|Any CPU.ActiveCfg = Release40|Any CPU
		{5B50016D-782C-4358-B95A-5970BF1750AE}.Release40|Any CPU.Build.0 = Release40|Any CPU
		{5B50016D-782C-4358-B95A-5970BF1750AE}.Release40|Mixed Platforms.ActiveCfg = Release40|Any CPU
		{5B50016D-782C-4358-B95A-5970BF1750AE}.Release40|Mixed Platforms.Build.0 = Release40|Any CPU
		{5B50016D-782C-4358-B95A-5970BF1750AE}.Release40|x86.ActiveCfg = Release40|Any CPU
		{5B50016D-782C-4358-B95A-5970BF1750AE}.Release45|Any CPU.ActiveCfg = Release45|Any CPU
		{5B50016D-782C-4358-B95A-5970BF1750AE}.Release45|Any CPU.Build.0 = Release45|Any CPU
		{5B50016D-782C-4358-B95A-5970BF1750AE}.Release45|Mixed Platforms.ActiveCfg = Release45|Any CPU
		{5B50016D-782C-4358-B95A-5970BF1750AE}.Release45|Mixed Platforms.Build.0 = Release45|Any CPU
		{5B50016D-782C-4358-B95A-5970BF1750AE}.Release45|x86.ActiveCfg = Release45|Any CPU
		{52C97062-0431-40DD-A14D-E5CC2BE89690}.Debug40|Any CPU.ActiveCfg = Debug40|Any CPU
		{52C97062-0431-40DD-A14D-E5CC2BE89690}.Debug40|Any CPU.Build.0 = Debug40|Any CPU
		{52C97062-0431-40DD-A14D-E5CC2BE89690}.Debug40|Mixed Platforms.ActiveCfg = Debug40|Any CPU
		{52C97062-0431-40DD-A14D-E5CC2BE89690}.Debug40|Mixed Platforms.Build.0 = Debug40|Any CPU
		{52C97062-0431-40DD-A14D-E5CC2BE89690}.Debug40|x86.ActiveCfg = Debug40|Any CPU
		{52C97062-0431-40DD-A14D-E5CC2BE89690}.Debug45|Any CPU.ActiveCfg = Debug45|Any CPU
		{52C97062-0431-40DD-A14D-E5CC2BE89690}.Debug45|Any CPU.Build.0 = Debug45|Any CPU
		{52C97062-0431-40DD-A14D-E5CC2BE89690}.Debug45|Mixed Platforms.ActiveCfg = Debug45|Any CPU
		{52C97062-0431-40DD-A14D-E5CC2BE89690}.Debug45|Mixed Platforms.Build.0 = Debug45|Any CPU
		{52C97062-0431-40DD-A14D-E5CC2BE89690}.Debug45|x86.ActiveCfg = Debug45|Any CPU
		{52C97062-0431-40DD-A14D-E5CC2BE89690}.Release40|Any CPU.ActiveCfg = Release40|Any CPU
		{52C97062-0431-40DD-A14D-E5CC2BE89690}.Release40|Any CPU.Build.0 = Release40|Any CPU
		{52C97062-0431-40DD-A14D-E5CC2BE89690}.Release40|Mixed Platforms.ActiveCfg = Release40|Any CPU
		{52C97062-0431-40DD-A14D-E5CC2BE89690}.Release40|Mixed Platforms.Build.0 = Release40|Any CPU
		{52C97062-0431-40DD-A14D-E5CC2BE89690}.Release40|x86.ActiveCfg = Release40|Any CPU
		{52C97062-0431-40DD-A14D-E5CC2BE89690}.Release45|Any CPU.ActiveCfg = Release45|Any CPU
		{52C97062-0431-40DD-A14D-E5CC2BE89690}.Release45|Any CPU.Build.0 = Release45|Any CPU
		{52C97062-0431-40DD-A14D-E5CC2BE89690}.Release45|Mixed Platforms.ActiveCfg = Release45|Any CPU
		{52C97062-0431-40DD-A14D-E5CC2BE89690}.Release45|Mixed Platforms.Build.0 = Release45|Any CPU
		{52C97062-0431-40DD-A14D-E5CC2BE89690}.Release45|x86.ActiveCfg = Release45|Any CPU
		{890A312F-3A5B-490A-804F-2443CE5605C2}.Debug40|Any CPU.ActiveCfg = Debug40|Any CPU
		{890A312F-3A5B-490A-804F-2443CE5605C2}.Debug40|Any CPU.Build.0 = Debug40|Any CPU
		{890A312F-3A5B-490A-804F-2443CE5605C2}.Debug40|Mixed Platforms.ActiveCfg = Debug40|Any CPU
		{890A312F-3A5B-490A-804F-2443CE5605C2}.Debug40|Mixed Platforms.Build.0 = Debug40|Any CPU
		{890A312F-3A5B-490A-804F-2443CE5605C2}.Debug40|x86.ActiveCfg = Debug40|Any CPU
		{890A312F-3A5B-490A-804F-2443CE5605C2}.Debug45|Any CPU.ActiveCfg = Debug45|Any CPU
		{890A312F-3A5B-490A-804F-2443CE5605C2}.Debug45|Any CPU.Build.0 = Debug45|Any CPU
		{890A312F-3A5B-490A-804F-2443CE5605C2}.Debug45|Mixed Platforms.ActiveCfg = Debug45|Any CPU
		{890A312F-3A5B-490A-804F-2443CE5605C2}.Debug45|Mixed Platforms.Build.0 = Debug45|Any CPU
		{890A312F-3A5B-490A-804F-2443CE5605C2}.Debug45|x86.ActiveCfg = Debug45|Any CPU
		{890A312F-3A5B-490A-804F-2443CE5605C2}.Release40|Any CPU.ActiveCfg = Release40|Any CPU
		{890A312F-3A5B-490A-804F-2443CE5605C2}.Release40|Any CPU.Build.0 = Release40|Any CPU
		{890A312F-3A5B-490A-804F-2443CE5605C2}.Release40|Mixed Platforms.ActiveCfg = Release40|Any CPU
		{890A312F-3A5B-490A-804F-2443CE5605C2}.Release40|Mixed Platforms.Build.0 = Release40|Any CPU
		{890A312F-3A5B-490A-804F-2443CE5605C2}.Release40|x86.ActiveCfg = Release40|Any CPU
		{890A312F-3A5B-490A-804F-2443CE5605C2}.Release45|Any CPU.ActiveCfg = Release45|Any CPU
		{890A312F-3A5B-490A-804F-2443CE5605C2}.Release45|Any CPU.Build.0 = Release45|Any CPU
		{890A312F-3A5B-490A-804F-2443CE5605C2}.Release45|Mixed Platforms.ActiveCfg = Release45|Any CPU
		{890A312F-3A5B-490A-804F-2443CE5605C2}.Release45|Mixed Platforms.Build.0 = Release45|Any CPU
		{890A312F-3A5B-490A-804F-2443CE5605C2}.Release45|x86.ActiveCfg = Release45|Any CPU
		{4BF175AC-9EE6-4D37-92A7-D6A27D828CBF}.Debug40|Any CPU.ActiveCfg = Debug40|Any CPU
		{4BF175AC-9EE6-4D37-92A7-D6A27D828CBF}.Debug40|Any CPU.Build.0 = Debug40|Any CPU
		{4BF175AC-9EE6-4D37-92A7-D6A27D828CBF}.Debug40|Mixed Platforms.ActiveCfg = Debug40|Any CPU
		{4BF175AC-9EE6-4D37-92A7-D6A27D828CBF}.Debug40|Mixed Platforms.Build.0 = Debug40|Any CPU
		{4BF175AC-9EE6-4D37-92A7-D6A27D828CBF}.Debug40|x86.ActiveCfg = Debug40|Any CPU
		{4BF175AC-9EE6-4D37-92A7-D6A27D828CBF}.Debug45|Any CPU.ActiveCfg = Debug45|Any CPU
		{4BF175AC-9EE6-4D37-92A7-D6A27D828CBF}.Debug45|Any CPU.Build.0 = Debug45|Any CPU
		{4BF175AC-9EE6-4D37-92A7-D6A27D828CBF}.Debug45|Mixed Platforms.ActiveCfg = Debug45|Any CPU
		{4BF175AC-9EE6-4D37-92A7-D6A27D828CBF}.Debug45|Mixed Platforms.Build.0 = Debug45|Any CPU
		{4BF175AC-9EE6-4D37-92A7-D6A27D828CBF}.Debug45|x86.ActiveCfg = Debug45|Any CPU
		{4BF175AC-9EE6-4D37-92A7-D6A27D828CBF}.Release40|Any CPU.ActiveCfg = Release40|Any CPU
		{4BF175AC-9EE6-4D37-92A7-D6A27D828CBF}.Release40|Any CPU.Build.0 = Release40|Any CPU
		{4BF175AC-9EE6-4D37-92A7-D6A27D828CBF}.Release40|Mixed Platforms.ActiveCfg = Release40|Any CPU
		{4BF175AC-9EE6-4D37-92A7-D6A27D828CBF}.Release40|Mixed Platforms.Build.0 = Release40|Any CPU
		{4BF175AC-9EE6-4D37-92A7-D6A27D828CBF}.Release40|x86.ActiveCfg = Release40|Any CPU
		{4BF175AC-9EE6-4D37-92A7-D6A27D828CBF}.Release45|Any CPU.ActiveCfg = Release45|Any CPU
		{4BF175AC-9EE6-4D37-92A7-D6A27D828CBF}.Release45|Any CPU.Build.0 = Release45|Any CPU
		{4BF175AC-9EE6-4D37-92A7-D6A27D828CBF}.Release45|Mixed Platforms.ActiveCfg = Release45|Any CPU
		{4BF175AC-9EE6-4D37-92A7-D6A27D828CBF}.Release45|Mixed Platforms.Build.0 = Release45|Any CPU
		{4BF175AC-9EE6-4D37-92A7-D6A27D828CBF}.Release45|x86.ActiveCfg = Release45|Any CPU
		{CB886120-D55F-48B0-822E-AB0951FCAC02}.Debug40|Any CPU.ActiveCfg = Debug40|Any CPU
		{CB886120-D55F-48B0-822E-AB0951FCAC02}.Debug40|Any CPU.Build.0 = Debug40|Any CPU
		{CB886120-D55F-48B0-822E-AB0951FCAC02}.Debug40|Mixed Platforms.ActiveCfg = Debug40|Any CPU
		{CB886120-D55F-48B0-822E-AB0951FCAC02}.Debug40|Mixed Platforms.Build.0 = Debug40|Any CPU
		{CB886120-D55F-48B0-822E-AB0951FCAC02}.Debug40|x86.ActiveCfg = Debug40|Any CPU
		{CB886120-D55F-48B0-822E-AB0951FCAC02}.Debug45|Any CPU.ActiveCfg = Debug45|Any CPU
		{CB886120-D55F-48B0-822E-AB0951FCAC02}.Debug45|Any CPU.Build.0 = Debug45|Any CPU
		{CB886120-D55F-48B0-822E-AB0951FCAC02}.Debug45|Mixed Platforms.ActiveCfg = Debug45|Any CPU
		{CB886120-D55F-48B0-822E-AB0951FCAC02}.Debug45|Mixed Platforms.Build.0 = Debug45|Any CPU
		{CB886120-D55F-48B0-822E-AB0951FCAC02}.Debug45|x86.ActiveCfg = Debug45|Any CPU
		{CB886120-D55F-48B0-822E-AB0951FCAC02}.Release40|Any CPU.ActiveCfg = Release40|Any CPU
		{CB886120-D55F-48B0-822E-AB0951FCAC02}.Release40|Any CPU.Build.0 = Release40|Any CPU
		{CB886120-D55F-48B0-822E-AB0951FCAC02}.Release40|Mixed Platforms.ActiveCfg = Release40|Any CPU
		{CB886120-D55F-48B0-822E-AB0951FCAC02}.Release40|Mixed Platforms.Build.0 = Release40|Any CPU
		{CB886120-D55F-48B0-822E-AB0951FCAC02}.Release40|x86.ActiveCfg = Release40|Any CPU
		{CB886120-D55F-48B0-822E-AB0951FCAC02}.Release45|Any CPU.ActiveCfg = Release45|Any CPU
		{CB886120-D55F-48B0-822E-AB0951FCAC02}.Release45|Any CPU.Build.0 = Release45|Any CPU
		{CB886120-D55F-48B0-822E-AB0951FCAC02}.Release45|Mixed Platforms.ActiveCfg = Release45|Any CPU
		{CB886120-D55F-48B0-822E-AB0951FCAC02}.Release45|Mixed Platforms.Build.0 = Release45|Any CPU
		{CB886120-D55F-48B0-822E-AB0951FCAC02}.Release45|x86.ActiveCfg = Release45|Any CPU
		{C5CC33B0-1684-4DD4-83A5-5DA4A9A25A7F}.Debug40|Any CPU.ActiveCfg = Debug40|Any CPU
		{C5CC33B0-1684-4DD4-83A5-5DA4A9A25A7F}.Debug40|Any CPU.Build.0 = Debug40|Any CPU
		{C5CC33B0-1684-4DD4-83A5-5DA4A9A25A7F}.Debug40|Mixed Platforms.ActiveCfg = Debug40|Any CPU
		{C5CC33B0-1684-4DD4-83A5-5DA4A9A25A7F}.Debug40|Mixed Platforms.Build.0 = Debug40|Any CPU
		{C5CC33B0-1684-4DD4-83A5-5DA4A9A25A7F}.Debug40|x86.ActiveCfg = Debug40|Any CPU
		{C5CC33B0-1684-4DD4-83A5-5DA4A9A25A7F}.Debug45|Any CPU.ActiveCfg = Debug45|Any CPU
		{C5CC33B0-1684-4DD4-83A5-5DA4A9A25A7F}.Debug45|Any CPU.Build.0 = Debug45|Any CPU
		{C5CC33B0-1684-4DD4-83A5-5DA4A9A25A7F}.Debug45|Mixed Platforms.ActiveCfg = Debug45|Any CPU
		{C5CC33B0-1684-4DD4-83A5-5DA4A9A25A7F}.Debug45|Mixed Platforms.Build.0 = Debug45|Any CPU
		{C5CC33B0-1684-4DD4-83A5-5DA4A9A25A7F}.Debug45|x86.ActiveCfg = Debug45|Any CPU
		{C5CC33B0-1684-4DD4-83A5-5DA4A9A25A7F}.Release40|Any CPU.ActiveCfg = Release40|Any CPU
		{C5CC33B0-1684-4DD4-83A5-5DA4A9A25A7F}.Release40|Any CPU.Build.0 = Release40|Any CPU
		{C5CC33B0-1684-4DD4-83A5-5DA4A9A25A7F}.Release40|Mixed Platforms.ActiveCfg = Release40|Any CPU
		{C5CC33B0-1684-4DD4-83A5-5DA4A9A25A7F}.Release40|Mixed Platforms.Build.0 = Release40|Any CPU
		{C5CC33B0-1684-4DD4-83A5-5DA4A9A25A7F}.Release40|x86.ActiveCfg = Release40|Any CPU
		{C5CC33B0-1684-4DD4-83A5-5DA4A9A25A7F}.Release45|Any CPU.ActiveCfg = Release45|Any CPU
		{C5CC33B0-1684-4DD4-83A5-5DA4A9A25A7F}.Release45|Any CPU.Build.0 = Release45|Any CPU
		{C5CC33B0-1684-4DD4-83A5-5DA4A9A25A7F}.Release45|Mixed Platforms.ActiveCfg = Release45|Any CPU
		{C5CC33B0-1684-4DD4-83A5-5DA4A9A25A7F}.Release45|Mixed Platforms.Build.0 = Release45|Any CPU
		{C5CC33B0-1684-4DD4-83A5-5DA4A9A25A7F}.Release45|x86.ActiveCfg = Release45|Any CPU
		{C4043ABB-EC40-4194-B15B-C0D13C2CF5C8}.Debug40|Any CPU.ActiveCfg = Debug40|Any CPU
		{C4043ABB-EC40-4194-B15B-C0D13C2CF5C8}.Debug40|Any CPU.Build.0 = Debug40|Any CPU
		{C4043ABB-EC40-4194-B15B-C0D13C2CF5C8}.Debug40|Mixed Platforms.ActiveCfg = Debug40|Any CPU
		{C4043ABB-EC40-4194-B15B-C0D13C2CF5C8}.Debug40|Mixed Platforms.Build.0 = Debug40|Any CPU
		{C4043ABB-EC40-4194-B15B-C0D13C2CF5C8}.Debug40|x86.ActiveCfg = Debug40|Any CPU
		{C4043ABB-EC40-4194-B15B-C0D13C2CF5C8}.Debug45|Any CPU.ActiveCfg = Debug45|Any CPU
		{C4043ABB-EC40-4194-B15B-C0D13C2CF5C8}.Debug45|Any CPU.Build.0 = Debug45|Any CPU
		{C4043ABB-EC40-4194-B15B-C0D13C2CF5C8}.Debug45|Mixed Platforms.ActiveCfg = Debug45|Any CPU
		{C4043ABB-EC40-4194-B15B-C0D13C2CF5C8}.Debug45|Mixed Platforms.Build.0 = Debug45|Any CPU
		{C4043ABB-EC40-4194-B15B-C0D13C2CF5C8}.Debug45|x86.ActiveCfg = Debug45|Any CPU
		{C4043ABB-EC40-4194-B15B-C0D13C2CF5C8}.Release40|Any CPU.ActiveCfg = Release40|Any CPU
		{C4043ABB-EC40-4194-B15B-C0D13C2CF5C8}.Release40|Any CPU.Build.0 = Release40|Any CPU
		{C4043ABB-EC40-4194-B15B-C0D13C2CF5C8}.Release40|Mixed Platforms.ActiveCfg = Release40|Any CPU
		{C4043ABB-EC40-4194-B15B-C0D13C2CF5C8}.Release40|Mixed Platforms.Build.0 = Release40|Any CPU
		{C4043ABB-EC40-4194-B15B-C0D13C2CF5C8}.Release40|x86.ActiveCfg = Release40|Any CPU
		{C4043ABB-EC40-4194-B15B-C0D13C2CF5C8}.Release45|Any CPU.ActiveCfg = Release45|Any CPU
		{C4043ABB-EC40-4194-B15B-C0D13C2CF5C8}.Release45|Any CPU.Build.0 = Release45|Any CPU
		{C4043ABB-EC40-4194-B15B-C0D13C2CF5C8}.Release45|Mixed Platforms.ActiveCfg = Release45|Any CPU
		{C4043ABB-EC40-4194-B15B-C0D13C2CF5C8}.Release45|Mixed Platforms.Build.0 = Release45|Any CPU
		{C4043ABB-EC40-4194-B15B-C0D13C2CF5C8}.Release45|x86.ActiveCfg = Release45|Any CPU
		{8892848F-45A1-46AC-A686-6A25EEC1475B}.Debug40|Any CPU.ActiveCfg = Debug40|Any CPU
		{8892848F-45A1-46AC-A686-6A25EEC1475B}.Debug40|Any CPU.Build.0 = Debug40|Any CPU
		{8892848F-45A1-46AC-A686-6A25EEC1475B}.Debug40|Mixed Platforms.ActiveCfg = Debug40|Any CPU
		{8892848F-45A1-46AC-A686-6A25EEC1475B}.Debug40|Mixed Platforms.Build.0 = Debug40|Any CPU
		{8892848F-45A1-46AC-A686-6A25EEC1475B}.Debug40|x86.ActiveCfg = Debug40|Any CPU
		{8892848F-45A1-46AC-A686-6A25EEC1475B}.Debug45|Any CPU.ActiveCfg = Debug45|Any CPU
		{8892848F-45A1-46AC-A686-6A25EEC1475B}.Debug45|Any CPU.Build.0 = Debug45|Any CPU
		{8892848F-45A1-46AC-A686-6A25EEC1475B}.Debug45|Mixed Platforms.ActiveCfg = Debug45|Any CPU
		{8892848F-45A1-46AC-A686-6A25EEC1475B}.Debug45|Mixed Platforms.Build.0 = Debug45|Any CPU
		{8892848F-45A1-46AC-A686-6A25EEC1475B}.Debug45|x86.ActiveCfg = Debug45|Any CPU
		{8892848F-45A1-46AC-A686-6A25EEC1475B}.Release40|Any CPU.ActiveCfg = Release40|Any CPU
		{8892848F-45A1-46AC-A686-6A25EEC1475B}.Release40|Any CPU.Build.0 = Release40|Any CPU
		{8892848F-45A1-46AC-A686-6A25EEC1475B}.Release40|Mixed Platforms.ActiveCfg = Release40|Any CPU
		{8892848F-45A1-46AC-A686-6A25EEC1475B}.Release40|Mixed Platforms.Build.0 = Release40|Any CPU
		{8892848F-45A1-46AC-A686-6A25EEC1475B}.Release40|x86.ActiveCfg = Release40|Any CPU
		{8892848F-45A1-46AC-A686-6A25EEC1475B}.Release45|Any CPU.ActiveCfg = Release45|Any CPU
		{8892848F-45A1-46AC-A686-6A25EEC1475B}.Release45|Any CPU.Build.0 = Release45|Any CPU
		{8892848F-45A1-46AC-A686-6A25EEC1475B}.Release45|Mixed Platforms.ActiveCfg = Release45|Any CPU
		{8892848F-45A1-46AC-A686-6A25EEC1475B}.Release45|Mixed Platforms.Build.0 = Release45|Any CPU
		{8892848F-45A1-46AC-A686-6A25EEC1475B}.Release45|x86.ActiveCfg = Release45|Any CPU
	EndGlobalSection
	GlobalSection(SolutionProperties) = preSolution
		HideSolutionNode = FALSE
	EndGlobalSection
	GlobalSection(NestedProjects) = preSolution
		{94DEECFE-4940-44C2-B189-1D095B434E64} = {FA915479-C3D8-49AD-BF2A-BA40F35A5BD1}
		{E58173E2-502B-431D-921D-38A08E318411} = {FA915479-C3D8-49AD-BF2A-BA40F35A5BD1}
		{52C97062-0431-40DD-A14D-E5CC2BE89690} = {FA915479-C3D8-49AD-BF2A-BA40F35A5BD1}
		{6C6D01A6-2A35-49D4-8D49-A3BDD15B587E} = {FA915479-C3D8-49AD-BF2A-BA40F35A5BD1}
		{890A312F-3A5B-490A-804F-2443CE5605C2} = {FA915479-C3D8-49AD-BF2A-BA40F35A5BD1}
		{CB886120-D55F-48B0-822E-AB0951FCAC02} = {FA915479-C3D8-49AD-BF2A-BA40F35A5BD1}
		{527D29B2-9AEC-40C8-93E9-1975FB22FCBE} = {0FE87EAF-EA6C-4B45-BDAB-1B0752BA2ECA}
		{9D30BB5D-227A-4EC0-8331-5ECC8A3407E7} = {0FE87EAF-EA6C-4B45-BDAB-1B0752BA2ECA}
		{2B16B3AC-446C-4A30-84F9-66111B53D5B5} = {0FE87EAF-EA6C-4B45-BDAB-1B0752BA2ECA}
		{46612AEB-83AF-495B-85D9-D5BBE103A369} = {0FE87EAF-EA6C-4B45-BDAB-1B0752BA2ECA}
		{79051F21-0939-4437-9DEA-F1CA12498D3A} = {0FE87EAF-EA6C-4B45-BDAB-1B0752BA2ECA}
		{6C98B835-EA14-4940-9708-3F0431243568} = {0FE87EAF-EA6C-4B45-BDAB-1B0752BA2ECA}
		{4C29C56C-B26B-4024-B509-107515300613} = {0FE87EAF-EA6C-4B45-BDAB-1B0752BA2ECA}
		{5B50016D-782C-4358-B95A-5970BF1750AE} = {0FE87EAF-EA6C-4B45-BDAB-1B0752BA2ECA}
		{4BF175AC-9EE6-4D37-92A7-D6A27D828CBF} = {0FE87EAF-EA6C-4B45-BDAB-1B0752BA2ECA}
		{10D0E98E-641D-42B7-8EE0-7960266B742C} = {2BCBE48E-4082-4AAD-ACBC-0277FEBF87BF}
	EndGlobalSection
EndGlobal
