
Microsoft Visual Studio Solution File, Format Version 12.00
# Visual Studio 2012
Project("{FAE04EC0-301F-11D3-BF4B-00C04F79EFBC}") = "XEventGenerator", "XEventGenerator\XEventGenerator.csproj", "{46612AEB-83AF-495B-85D9-D5BBE103A369}"
EndProject
Project("{FAE04EC0-301F-11D3-BF4B-00C04F79EFBC}") = "Tcp", "Tcp\Tcp.csproj", "{79051F21-0939-4437-9DEA-F1CA12498D3A}"
EndProject
Project("{FAE04EC0-301F-11D3-BF4B-00C04F79EFBC}") = "XEvents", "XEvents\XEvents.csproj", "{6C98B835-EA14-4940-9708-3F0431243568}"
EndProject
Project("{FAE04EC0-301F-11D3-BF4B-00C04F79EFBC}") = "TypeOccurenceStatistics", "TypeOccurenceStatistics\TypeOccurenceStatistics.csproj", "{5B50016D-782C-4358-B95A-5970BF1750AE}"
EndProject
Project("{FAE04EC0-301F-11D3-BF4B-00C04F79EFBC}") = "Tx.Core", "..\..\Source\Tx.Core\Tx.Core.csproj", "{C5CC33B0-1684-4DD4-83A5-5DA4A9A25A7F}"
EndProject
Project("{FAE04EC0-301F-11D3-BF4B-00C04F79EFBC}") = "Tx.Windows", "..\..\Source\Tx.Windows\Tx.Windows.csproj", "{C4043ABB-EC40-4194-B15B-C0D13C2CF5C8}"
EndProject
Project("{FAE04EC0-301F-11D3-BF4B-00C04F79EFBC}") = "Tx.SqlServer", "..\..\Source\Tx.SqlServer\Tx.SqlServer.csproj", "{8892848F-45A1-46AC-A686-6A25EEC1475B}"
EndProject
Project("{2150E333-8FDC-42A3-9474-1A3956D46DE8}") = "Tx", "Tx", "{A7752FEA-02EC-4437-984A-B2033EB4EE03}"
EndProject
Global
	GlobalSection(SolutionConfigurationPlatforms) = preSolution
		Debug40|Any CPU = Debug40|Any CPU
		Debug40|Mixed Platforms = Debug40|Mixed Platforms
		Debug40|x86 = Debug40|x86
		Debug45|Any CPU = Debug45|Any CPU
		Debug45|Mixed Platforms = Debug45|Mixed Platforms
		Debug45|x86 = Debug45|x86
		Release40|Any CPU = Release40|Any CPU
		Release40|Mixed Platforms = Release40|Mixed Platforms
		Release40|x86 = Release40|x86
		Release45|Any CPU = Release45|Any CPU
		Release45|Mixed Platforms = Release45|Mixed Platforms
		Release45|x86 = Release45|x86
	EndGlobalSection
	GlobalSection(ProjectConfigurationPlatforms) = postSolution
		{46612AEB-83AF-495B-85D9-D5BBE103A369}.Debug40|Any CPU.ActiveCfg = Debug40|Any CPU
		{46612AEB-83AF-495B-85D9-D5BBE103A369}.Debug40|Any CPU.Build.0 = Debug40|Any CPU
		{46612AEB-83AF-495B-85D9-D5BBE103A369}.Debug40|Mixed Platforms.ActiveCfg = Debug40|Any CPU
		{46612AEB-83AF-495B-85D9-D5BBE103A369}.Debug40|Mixed Platforms.Build.0 = Debug40|Any CPU
		{46612AEB-83AF-495B-85D9-D5BBE103A369}.Debug40|x86.ActiveCfg = Debug40|Any CPU
		{46612AEB-83AF-495B-85D9-D5BBE103A369}.Debug45|Any CPU.ActiveCfg = Debug45|Any CPU
		{46612AEB-83AF-495B-85D9-D5BBE103A369}.Debug45|Any CPU.Build.0 = Debug45|Any CPU
		{46612AEB-83AF-495B-85D9-D5BBE103A369}.Debug45|Mixed Platforms.ActiveCfg = Debug45|Any CPU
		{46612AEB-83AF-495B-85D9-D5BBE103A369}.Debug45|Mixed Platforms.Build.0 = Debug45|Any CPU
		{46612AEB-83AF-495B-85D9-D5BBE103A369}.Debug45|x86.ActiveCfg = Debug45|Any CPU
		{46612AEB-83AF-495B-85D9-D5BBE103A369}.Release40|Any CPU.ActiveCfg = Release40|Any CPU
		{46612AEB-83AF-495B-85D9-D5BBE103A369}.Release40|Any CPU.Build.0 = Release40|Any CPU
		{46612AEB-83AF-495B-85D9-D5BBE103A369}.Release40|Mixed Platforms.ActiveCfg = Release40|Any CPU
		{46612AEB-83AF-495B-85D9-D5BBE103A369}.Release40|Mixed Platforms.Build.0 = Release40|Any CPU
		{46612AEB-83AF-495B-85D9-D5BBE103A369}.Release40|x86.ActiveCfg = Release40|Any CPU
		{46612AEB-83AF-495B-85D9-D5BBE103A369}.Release45|Any CPU.ActiveCfg = Release45|Any CPU
		{46612AEB-83AF-495B-85D9-D5BBE103A369}.Release45|Any CPU.Build.0 = Release45|Any CPU
		{46612AEB-83AF-495B-85D9-D5BBE103A369}.Release45|Mixed Platforms.ActiveCfg = Release45|Any CPU
		{46612AEB-83AF-495B-85D9-D5BBE103A369}.Release45|Mixed Platforms.Build.0 = Release45|Any CPU
		{46612AEB-83AF-495B-85D9-D5BBE103A369}.Release45|x86.ActiveCfg = Release45|Any CPU
		{79051F21-0939-4437-9DEA-F1CA12498D3A}.Debug40|Any CPU.ActiveCfg = Debug40|Any CPU
		{79051F21-0939-4437-9DEA-F1CA12498D3A}.Debug40|Any CPU.Build.0 = Debug40|Any CPU
		{79051F21-0939-4437-9DEA-F1CA12498D3A}.Debug40|Mixed Platforms.ActiveCfg = Debug40|Any CPU
		{79051F21-0939-4437-9DEA-F1CA12498D3A}.Debug40|Mixed Platforms.Build.0 = Debug40|Any CPU
		{79051F21-0939-4437-9DEA-F1CA12498D3A}.Debug40|x86.ActiveCfg = Debug40|Any CPU
		{79051F21-0939-4437-9DEA-F1CA12498D3A}.Debug45|Any CPU.ActiveCfg = Debug45|Any CPU
		{79051F21-0939-4437-9DEA-F1CA12498D3A}.Debug45|Any CPU.Build.0 = Debug45|Any CPU
		{79051F21-0939-4437-9DEA-F1CA12498D3A}.Debug45|Mixed Platforms.ActiveCfg = Debug45|Any CPU
		{79051F21-0939-4437-9DEA-F1CA12498D3A}.Debug45|Mixed Platforms.Build.0 = Debug45|Any CPU
		{79051F21-0939-4437-9DEA-F1CA12498D3A}.Debug45|x86.ActiveCfg = Debug45|Any CPU
		{79051F21-0939-4437-9DEA-F1CA12498D3A}.Release40|Any CPU.ActiveCfg = Release40|Any CPU
		{79051F21-0939-4437-9DEA-F1CA12498D3A}.Release40|Any CPU.Build.0 = Release40|Any CPU
		{79051F21-0939-4437-9DEA-F1CA12498D3A}.Release40|Mixed Platforms.ActiveCfg = Release40|Any CPU
		{79051F21-0939-4437-9DEA-F1CA12498D3A}.Release40|Mixed Platforms.Build.0 = Release40|Any CPU
		{79051F21-0939-4437-9DEA-F1CA12498D3A}.Release40|x86.ActiveCfg = Release40|Any CPU
		{79051F21-0939-4437-9DEA-F1CA12498D3A}.Release45|Any CPU.ActiveCfg = Release45|Any CPU
		{79051F21-0939-4437-9DEA-F1CA12498D3A}.Release45|Any CPU.Build.0 = Release45|Any CPU
		{79051F21-0939-4437-9DEA-F1CA12498D3A}.Release45|Mixed Platforms.ActiveCfg = Release45|Any CPU
		{79051F21-0939-4437-9DEA-F1CA12498D3A}.Release45|Mixed Platforms.Build.0 = Release45|Any CPU
		{79051F21-0939-4437-9DEA-F1CA12498D3A}.Release45|x86.ActiveCfg = Release45|Any CPU
		{6C98B835-EA14-4940-9708-3F0431243568}.Debug40|Any CPU.ActiveCfg = Debug40|Any CPU
		{6C98B835-EA14-4940-9708-3F0431243568}.Debug40|Any CPU.Build.0 = Debug40|Any CPU
		{6C98B835-EA14-4940-9708-3F0431243568}.Debug40|Mixed Platforms.ActiveCfg = Debug40|Any CPU
		{6C98B835-EA14-4940-9708-3F0431243568}.Debug40|Mixed Platforms.Build.0 = Debug40|Any CPU
		{6C98B835-EA14-4940-9708-3F0431243568}.Debug40|x86.ActiveCfg = Debug40|Any CPU
		{6C98B835-EA14-4940-9708-3F0431243568}.Debug45|Any CPU.ActiveCfg = Debug45|Any CPU
		{6C98B835-EA14-4940-9708-3F0431243568}.Debug45|Any CPU.Build.0 = Debug45|Any CPU
		{6C98B835-EA14-4940-9708-3F0431243568}.Debug45|Mixed Platforms.ActiveCfg = Debug45|Any CPU
		{6C98B835-EA14-4940-9708-3F0431243568}.Debug45|Mixed Platforms.Build.0 = Debug45|Any CPU
		{6C98B835-EA14-4940-9708-3F0431243568}.Debug45|x86.ActiveCfg = Debug45|Any CPU
		{6C98B835-EA14-4940-9708-3F0431243568}.Release40|Any CPU.ActiveCfg = Release40|Any CPU
		{6C98B835-EA14-4940-9708-3F0431243568}.Release40|Any CPU.Build.0 = Release40|Any CPU
		{6C98B835-EA14-4940-9708-3F0431243568}.Release40|Mixed Platforms.ActiveCfg = Release40|Any CPU
		{6C98B835-EA14-4940-9708-3F0431243568}.Release40|Mixed Platforms.Build.0 = Release40|Any CPU
		{6C98B835-EA14-4940-9708-3F0431243568}.Release40|x86.ActiveCfg = Release40|Any CPU
		{6C98B835-EA14-4940-9708-3F0431243568}.Release45|Any CPU.ActiveCfg = Release45|Any CPU
		{6C98B835-EA14-4940-9708-3F0431243568}.Release45|Any CPU.Build.0 = Release45|Any CPU
		{6C98B835-EA14-4940-9708-3F0431243568}.Release45|Mixed Platforms.ActiveCfg = Release45|Any CPU
		{6C98B835-EA14-4940-9708-3F0431243568}.Release45|Mixed Platforms.Build.0 = Release45|Any CPU
		{6C98B835-EA14-4940-9708-3F0431243568}.Release45|x86.ActiveCfg = Release45|Any CPU
		{5B50016D-782C-4358-B95A-5970BF1750AE}.Debug40|Any CPU.ActiveCfg = Debug40|Any CPU
		{5B50016D-782C-4358-B95A-5970BF1750AE}.Debug40|Any CPU.Build.0 = Debug40|Any CPU
		{5B50016D-782C-4358-B95A-5970BF1750AE}.Debug40|Mixed Platforms.ActiveCfg = Debug40|Any CPU
		{5B50016D-782C-4358-B95A-5970BF1750AE}.Debug40|Mixed Platforms.Build.0 = Debug40|Any CPU
		{5B50016D-782C-4358-B95A-5970BF1750AE}.Debug40|x86.ActiveCfg = Debug40|Any CPU
		{5B50016D-782C-4358-B95A-5970BF1750AE}.Debug45|Any CPU.ActiveCfg = Debug45|Any CPU
		{5B50016D-782C-4358-B95A-5970BF1750AE}.Debug45|Any CPU.Build.0 = Debug45|Any CPU
		{5B50016D-782C-4358-B95A-5970BF1750AE}.Debug45|Mixed Platforms.ActiveCfg = Debug45|Any CPU
		{5B50016D-782C-4358-B95A-5970BF1750AE}.Debug45|Mixed Platforms.Build.0 = Debug45|Any CPU
		{5B50016D-782C-4358-B95A-5970BF1750AE}.Debug45|x86.ActiveCfg = Debug45|Any CPU
		{5B50016D-782C-4358-B95A-5970BF1750AE}.Release40|Any CPU.ActiveCfg = Release40|Any CPU
		{5B50016D-782C-4358-B95A-5970BF1750AE}.Release40|Any CPU.Build.0 = Release40|Any CPU
		{5B50016D-782C-4358-B95A-5970BF1750AE}.Release40|Mixed Platforms.ActiveCfg = Release40|Any CPU
		{5B50016D-782C-4358-B95A-5970BF1750AE}.Release40|Mixed Platforms.Build.0 = Release40|Any CPU
		{5B50016D-782C-4358-B95A-5970BF1750AE}.Release40|x86.ActiveCfg = Release40|Any CPU
		{5B50016D-782C-4358-B95A-5970BF1750AE}.Release45|Any CPU.ActiveCfg = Release45|Any CPU
		{5B50016D-782C-4358-B95A-5970BF1750AE}.Release45|Any CPU.Build.0 = Release45|Any CPU
		{5B50016D-782C-4358-B95A-5970BF1750AE}.Release45|Mixed Platforms.ActiveCfg = Release45|Any CPU
		{5B50016D-782C-4358-B95A-5970BF1750AE}.Release45|Mixed Platforms.Build.0 = Release45|Any CPU
		{5B50016D-782C-4358-B95A-5970BF1750AE}.Release45|x86.ActiveCfg = Release45|Any CPU
		{C5CC33B0-1684-4DD4-83A5-5DA4A9A25A7F}.Debug40|Any CPU.ActiveCfg = Debug40|Any CPU
		{C5CC33B0-1684-4DD4-83A5-5DA4A9A25A7F}.Debug40|Any CPU.Build.0 = Debug40|Any CPU
		{C5CC33B0-1684-4DD4-83A5-5DA4A9A25A7F}.Debug40|Mixed Platforms.ActiveCfg = Debug40|Any CPU
		{C5CC33B0-1684-4DD4-83A5-5DA4A9A25A7F}.Debug40|Mixed Platforms.Build.0 = Debug40|Any CPU
		{C5CC33B0-1684-4DD4-83A5-5DA4A9A25A7F}.Debug40|x86.ActiveCfg = Debug40|Any CPU
		{C5CC33B0-1684-4DD4-83A5-5DA4A9A25A7F}.Debug45|Any CPU.ActiveCfg = Debug45|Any CPU
		{C5CC33B0-1684-4DD4-83A5-5DA4A9A25A7F}.Debug45|Any CPU.Build.0 = Debug45|Any CPU
		{C5CC33B0-1684-4DD4-83A5-5DA4A9A25A7F}.Debug45|Mixed Platforms.ActiveCfg = Debug45|Any CPU
		{C5CC33B0-1684-4DD4-83A5-5DA4A9A25A7F}.Debug45|Mixed Platforms.Build.0 = Debug45|Any CPU
		{C5CC33B0-1684-4DD4-83A5-5DA4A9A25A7F}.Debug45|x86.ActiveCfg = Debug45|Any CPU
		{C5CC33B0-1684-4DD4-83A5-5DA4A9A25A7F}.Release40|Any CPU.ActiveCfg = Release40|Any CPU
		{C5CC33B0-1684-4DD4-83A5-5DA4A9A25A7F}.Release40|Any CPU.Build.0 = Release40|Any CPU
		{C5CC33B0-1684-4DD4-83A5-5DA4A9A25A7F}.Release40|Mixed Platforms.ActiveCfg = Release40|Any CPU
		{C5CC33B0-1684-4DD4-83A5-5DA4A9A25A7F}.Release40|Mixed Platforms.Build.0 = Release40|Any CPU
		{C5CC33B0-1684-4DD4-83A5-5DA4A9A25A7F}.Release40|x86.ActiveCfg = Release40|Any CPU
		{C5CC33B0-1684-4DD4-83A5-5DA4A9A25A7F}.Release45|Any CPU.ActiveCfg = Release45|Any CPU
		{C5CC33B0-1684-4DD4-83A5-5DA4A9A25A7F}.Release45|Any CPU.Build.0 = Release45|Any CPU
		{C5CC33B0-1684-4DD4-83A5-5DA4A9A25A7F}.Release45|Mixed Platforms.ActiveCfg = Release45|Any CPU
		{C5CC33B0-1684-4DD4-83A5-5DA4A9A25A7F}.Release45|Mixed Platforms.Build.0 = Release45|Any CPU
		{C5CC33B0-1684-4DD4-83A5-5DA4A9A25A7F}.Release45|x86.ActiveCfg = Release45|Any CPU
		{C4043ABB-EC40-4194-B15B-C0D13C2CF5C8}.Debug40|Any CPU.ActiveCfg = Debug40|Any CPU
		{C4043ABB-EC40-4194-B15B-C0D13C2CF5C8}.Debug40|Any CPU.Build.0 = Debug40|Any CPU
		{C4043ABB-EC40-4194-B15B-C0D13C2CF5C8}.Debug40|Mixed Platforms.ActiveCfg = Debug40|Any CPU
		{C4043ABB-EC40-4194-B15B-C0D13C2CF5C8}.Debug40|Mixed Platforms.Build.0 = Debug40|Any CPU
		{C4043ABB-EC40-4194-B15B-C0D13C2CF5C8}.Debug40|x86.ActiveCfg = Debug40|Any CPU
		{C4043ABB-EC40-4194-B15B-C0D13C2CF5C8}.Debug45|Any CPU.ActiveCfg = Debug45|Any CPU
		{C4043ABB-EC40-4194-B15B-C0D13C2CF5C8}.Debug45|Any CPU.Build.0 = Debug45|Any CPU
		{C4043ABB-EC40-4194-B15B-C0D13C2CF5C8}.Debug45|Mixed Platforms.ActiveCfg = Debug45|Any CPU
		{C4043ABB-EC40-4194-B15B-C0D13C2CF5C8}.Debug45|Mixed Platforms.Build.0 = Debug45|Any CPU
		{C4043ABB-EC40-4194-B15B-C0D13C2CF5C8}.Debug45|x86.ActiveCfg = Debug45|Any CPU
		{C4043ABB-EC40-4194-B15B-C0D13C2CF5C8}.Release40|Any CPU.ActiveCfg = Release40|Any CPU
		{C4043ABB-EC40-4194-B15B-C0D13C2CF5C8}.Release40|Any CPU.Build.0 = Release40|Any CPU
		{C4043ABB-EC40-4194-B15B-C0D13C2CF5C8}.Release40|Mixed Platforms.ActiveCfg = Release40|Any CPU
		{C4043ABB-EC40-4194-B15B-C0D13C2CF5C8}.Release40|Mixed Platforms.Build.0 = Release40|Any CPU
		{C4043ABB-EC40-4194-B15B-C0D13C2CF5C8}.Release40|x86.ActiveCfg = Release40|Any CPU
		{C4043ABB-EC40-4194-B15B-C0D13C2CF5C8}.Release45|Any CPU.ActiveCfg = Release45|Any CPU
		{C4043ABB-EC40-4194-B15B-C0D13C2CF5C8}.Release45|Any CPU.Build.0 = Release45|Any CPU
		{C4043ABB-EC40-4194-B15B-C0D13C2CF5C8}.Release45|Mixed Platforms.ActiveCfg = Release45|Any CPU
		{C4043ABB-EC40-4194-B15B-C0D13C2CF5C8}.Release45|Mixed Platforms.Build.0 = Release45|Any CPU
		{C4043ABB-EC40-4194-B15B-C0D13C2CF5C8}.Release45|x86.ActiveCfg = Release45|Any CPU
		{8892848F-45A1-46AC-A686-6A25EEC1475B}.Debug40|Any CPU.ActiveCfg = Debug40|Any CPU
		{8892848F-45A1-46AC-A686-6A25EEC1475B}.Debug40|Any CPU.Build.0 = Debug40|Any CPU
		{8892848F-45A1-46AC-A686-6A25EEC1475B}.Debug40|Mixed Platforms.ActiveCfg = Debug40|Any CPU
		{8892848F-45A1-46AC-A686-6A25EEC1475B}.Debug40|Mixed Platforms.Build.0 = Debug40|Any CPU
		{8892848F-45A1-46AC-A686-6A25EEC1475B}.Debug40|x86.ActiveCfg = Debug40|Any CPU
		{8892848F-45A1-46AC-A686-6A25EEC1475B}.Debug45|Any CPU.ActiveCfg = Debug45|Any CPU
		{8892848F-45A1-46AC-A686-6A25EEC1475B}.Debug45|Any CPU.Build.0 = Debug45|Any CPU
		{8892848F-45A1-46AC-A686-6A25EEC1475B}.Debug45|Mixed Platforms.ActiveCfg = Debug45|Any CPU
		{8892848F-45A1-46AC-A686-6A25EEC1475B}.Debug45|Mixed Platforms.Build.0 = Debug45|Any CPU
		{8892848F-45A1-46AC-A686-6A25EEC1475B}.Debug45|x86.ActiveCfg = Debug45|Any CPU
		{8892848F-45A1-46AC-A686-6A25EEC1475B}.Release40|Any CPU.ActiveCfg = Release40|Any CPU
		{8892848F-45A1-46AC-A686-6A25EEC1475B}.Release40|Any CPU.Build.0 = Release40|Any CPU
		{8892848F-45A1-46AC-A686-6A25EEC1475B}.Release40|Mixed Platforms.ActiveCfg = Release40|Any CPU
		{8892848F-45A1-46AC-A686-6A25EEC1475B}.Release40|Mixed Platforms.Build.0 = Release40|Any CPU
		{8892848F-45A1-46AC-A686-6A25EEC1475B}.Release40|x86.ActiveCfg = Release40|Any CPU
		{8892848F-45A1-46AC-A686-6A25EEC1475B}.Release45|Any CPU.ActiveCfg = Release45|Any CPU
		{8892848F-45A1-46AC-A686-6A25EEC1475B}.Release45|Any CPU.Build.0 = Release45|Any CPU
		{8892848F-45A1-46AC-A686-6A25EEC1475B}.Release45|Mixed Platforms.ActiveCfg = Release45|Any CPU
		{8892848F-45A1-46AC-A686-6A25EEC1475B}.Release45|Mixed Platforms.Build.0 = Release45|Any CPU
		{8892848F-45A1-46AC-A686-6A25EEC1475B}.Release45|x86.ActiveCfg = Release45|Any CPU
	EndGlobalSection
	GlobalSection(SolutionProperties) = preSolution
		HideSolutionNode = FALSE
	EndGlobalSection
	GlobalSection(NestedProjects) = preSolution
		{C4043ABB-EC40-4194-B15B-C0D13C2CF5C8} = {A7752FEA-02EC-4437-984A-B2033EB4EE03}
		{8892848F-45A1-46AC-A686-6A25EEC1475B} = {A7752FEA-02EC-4437-984A-B2033EB4EE03}
		{C5CC33B0-1684-4DD4-83A5-5DA4A9A25A7F} = {A7752FEA-02EC-4437-984A-B2033EB4EE03}
	EndGlobalSection
EndGlobal
